// !$*UTF8*$!
{
   archiveVersion = "1";
   objectVersion = "46";
   objects = {
      "Actions::Actions" = {
         isa = "PBXNativeTarget";
         buildConfigurationList = "OBJ_67";
         buildPhases = (
            "OBJ_70",
            "OBJ_77"
         );
         dependencies = (
            "OBJ_79"
         );
         name = "Actions";
         productName = "Actions";
         productReference = "Actions::Actions::Product";
         productType = "com.apple.product-type.framework";
      };
      "Actions::Actions::Product" = {
         isa = "PBXFileReference";
         path = "Actions.framework";
         sourceTree = "BUILT_PRODUCTS_DIR";
      };
      "Actions::ActionsKit" = {
         isa = "PBXNativeTarget";
         buildConfigurationList = "OBJ_82";
         buildPhases = (
            "OBJ_85",
            "OBJ_88"
         );
         dependencies = (
            "OBJ_91",
            "OBJ_92"
         );
         name = "ActionsKit";
         productName = "ActionsKit";
         productReference = "Actions::ActionsKit::Product";
         productType = "com.apple.product-type.framework";
      };
      "Actions::ActionsKit::Product" = {
         isa = "PBXFileReference";
         path = "ActionsKit.framework";
         sourceTree = "BUILT_PRODUCTS_DIR";
      };
      "Actions::SwiftPMPackageDescription" = {
         isa = "PBXNativeTarget";
         buildConfigurationList = "OBJ_94";
         buildPhases = (
            "OBJ_97"
         );
         dependencies = (
         );
         name = "ActionsPackageDescription";
         productName = "ActionsPackageDescription";
         productType = "com.apple.product-type.framework";
      };
      "BookishCoreMobile::BookishCore" = {
         isa = "PBXNativeTarget";
         buildConfigurationList = "OBJ_100";
         buildPhases = (
            "OBJ_103",
            "OBJ_106"
         );
         dependencies = (
            "OBJ_112",
            "OBJ_114",
            "OBJ_115",
            "OBJ_116",
            "OBJ_118"
         );
         name = "BookishCore";
         productName = "BookishCore";
         productReference = "BookishCoreMobile::BookishCore::Product";
         productType = "com.apple.product-type.framework";
      };
      "BookishCoreMobile::BookishCore::Product" = {
         isa = "PBXFileReference";
         path = "BookishCore.framework";
         sourceTree = "BUILT_PRODUCTS_DIR";
      };
      "BookishCoreMobile::BookishCoreMac" = {
         isa = "PBXNativeTarget";
         buildConfigurationList = "OBJ_120";
         buildPhases = (
            "OBJ_123",
            "OBJ_125"
         );
         dependencies = (
            "OBJ_132",
            "OBJ_133",
            "OBJ_134",
            "OBJ_135",
            "OBJ_136",
            "OBJ_137"
         );
         name = "BookishCoreMac";
         productName = "BookishCoreMac";
         productReference = "BookishCoreMobile::BookishCoreMac::Product";
         productType = "com.apple.product-type.tool";
      };
      "BookishCoreMobile::BookishCoreMac::Product" = {
         isa = "PBXFileReference";
         path = "BookishCoreMac";
         sourceTree = "BUILT_PRODUCTS_DIR";
      };
      "BookishCoreMobile::BookishCoreMobile" = {
         isa = "PBXNativeTarget";
         buildConfigurationList = "OBJ_139";
         buildPhases = (
            "OBJ_142",
            "OBJ_144"
         );
         dependencies = (
            "OBJ_151",
            "OBJ_152",
            "OBJ_153",
            "OBJ_154",
            "OBJ_155",
            "OBJ_156"
         );
         name = "BookishCoreMobile";
         productName = "BookishCoreMobile";
         productReference = "BookishCoreMobile::BookishCoreMobile::Product";
         productType = "com.apple.product-type.tool";
      };
      "BookishCoreMobile::BookishCoreMobile::Product" = {
         isa = "PBXFileReference";
         path = "BookishCoreMobile";
         sourceTree = "BUILT_PRODUCTS_DIR";
      };
      "BookishCoreMobile::BookishCoreMobilePackageTests::ProductTarget" = {
         isa = "PBXAggregateTarget";
         buildConfigurationList = "OBJ_164";
         buildPhases = (
         );
         dependencies = (
            "OBJ_167"
         );
         name = "BookishCoreMobilePackageTests";
         productName = "BookishCoreMobilePackageTests";
      };
      "BookishCoreMobile::BookishCoreTests" = {
         isa = "PBXNativeTarget";
         buildConfigurationList = "OBJ_169";
         buildPhases = (
            "OBJ_172",
            "OBJ_174"
         );
         dependencies = (
            "OBJ_182",
            "OBJ_184",
            "OBJ_185",
            "OBJ_186",
            "OBJ_187",
            "OBJ_188",
            "OBJ_189"
         );
         name = "BookishCoreTests";
         productName = "BookishCoreTests";
         productReference = "BookishCoreMobile::BookishCoreTests::Product";
         productType = "com.apple.product-type.bundle.unit-test";
      };
      "BookishCoreMobile::BookishCoreTests::Product" = {
         isa = "PBXFileReference";
         path = "BookishCoreTests.xctest";
         sourceTree = "BUILT_PRODUCTS_DIR";
      };
      "BookishCoreMobile::SwiftPMPackageDescription" = {
         isa = "PBXNativeTarget";
         buildConfigurationList = "OBJ_158";
         buildPhases = (
            "OBJ_161"
         );
         dependencies = (
         );
         name = "BookishCoreMobilePackageDescription";
         productName = "BookishCoreMobilePackageDescription";
         productType = "com.apple.product-type.framework";
      };
      "JSONDump::JSONDump" = {
         isa = "PBXNativeTarget";
         buildConfigurationList = "OBJ_190";
         buildPhases = (
            "OBJ_193",
            "OBJ_195"
         );
         dependencies = (
         );
         name = "JSONDump";
         productName = "JSONDump";
         productReference = "JSONDump::JSONDump::Product";
         productType = "com.apple.product-type.framework";
      };
      "JSONDump::JSONDump::Product" = {
         isa = "PBXFileReference";
         path = "JSONDump.framework";
         sourceTree = "BUILT_PRODUCTS_DIR";
      };
      "JSONDump::SwiftPMPackageDescription" = {
         isa = "PBXNativeTarget";
         buildConfigurationList = "OBJ_197";
         buildPhases = (
            "OBJ_200"
         );
         dependencies = (
         );
         name = "JSONDumpPackageDescription";
         productName = "JSONDumpPackageDescription";
         productType = "com.apple.product-type.framework";
      };
      "Logger::Logger" = {
         isa = "PBXNativeTarget";
         buildConfigurationList = "OBJ_202";
         buildPhases = (
            "OBJ_205",
            "OBJ_213"
         );
         dependencies = (
         );
         name = "Logger";
         productName = "Logger";
         productReference = "Logger::Logger::Product";
         productType = "com.apple.product-type.framework";
      };
      "Logger::Logger::Product" = {
         isa = "PBXFileReference";
         path = "Logger.framework";
         sourceTree = "BUILT_PRODUCTS_DIR";
      };
      "Logger::LoggerKit" = {
         isa = "PBXNativeTarget";
         buildConfigurationList = "OBJ_214";
         buildPhases = (
            "OBJ_217",
            "OBJ_219"
         );
         dependencies = (
            "OBJ_221"
         );
         name = "LoggerKit";
         productName = "LoggerKit";
         productReference = "Logger::LoggerKit::Product";
         productType = "com.apple.product-type.framework";
      };
      "Logger::LoggerKit::Product" = {
         isa = "PBXFileReference";
         path = "LoggerKit.framework";
         sourceTree = "BUILT_PRODUCTS_DIR";
      };
      "Logger::LoggerTestSupport" = {
         isa = "PBXNativeTarget";
         buildConfigurationList = "OBJ_228";
         buildPhases = (
            "OBJ_231",
            "OBJ_233"
         );
         dependencies = (
            "OBJ_235"
         );
         name = "LoggerTestSupport";
         productName = "LoggerTestSupport";
         productReference = "Logger::LoggerTestSupport::Product";
         productType = "com.apple.product-type.framework";
      };
      "Logger::LoggerTestSupport::Product" = {
         isa = "PBXFileReference";
         path = "LoggerTestSupport.framework";
         sourceTree = "BUILT_PRODUCTS_DIR";
      };
      "Logger::SwiftPMPackageDescription" = {
         isa = "PBXNativeTarget";
         buildConfigurationList = "OBJ_223";
         buildPhases = (
            "OBJ_226"
         );
         dependencies = (
         );
         name = "LoggerPackageDescription";
         productName = "LoggerPackageDescription";
         productType = "com.apple.product-type.framework";
      };
      "OBJ_1" = {
         isa = "PBXProject";
         attributes = {
            LastUpgradeCheck = "9999";
         };
         buildConfigurationList = "OBJ_2";
         compatibilityVersion = "Xcode 3.2";
         developmentRegion = "English";
         hasScannedForEncodings = "0";
         knownRegions = (
            "en"
         );
         mainGroup = "OBJ_5";
         productRefGroup = "OBJ_55";
         projectDirPath = "..";
         targets = (
            "Actions::Actions",
            "Actions::ActionsKit",
            "Actions::SwiftPMPackageDescription",
            "BookishCoreMobile::BookishCore",
            "BookishCoreMobile::BookishCoreMac",
            "BookishCoreMobile::BookishCoreMobile",
            "BookishCoreMobile::SwiftPMPackageDescription",
            "BookishCoreMobile::BookishCoreMobilePackageTests::ProductTarget",
            "BookishCoreMobile::BookishCoreTests",
            "JSONDump::JSONDump",
            "JSONDump::SwiftPMPackageDescription",
            "Logger::Logger",
            "Logger::LoggerKit",
            "Logger::SwiftPMPackageDescription",
            "Logger::LoggerTestSupport"
         );
      };
      "OBJ_10" = {
         isa = "PBXGroup";
         children = (
            "OBJ_11"
         );
         name = "BookishCoreMac";
         path = "Sources/BookishCoreMac";
         sourceTree = "SOURCE_ROOT";
      };
      "OBJ_100" = {
         isa = "XCConfigurationList";
         buildConfigurations = (
            "OBJ_101",
            "OBJ_102"
         );
         defaultConfigurationIsVisible = "0";
         defaultConfigurationName = "Release";
      };
      "OBJ_101" = {
         isa = "XCBuildConfiguration";
         baseConfigurationReference = "OBJ_8";
         buildSettings = {
            ENABLE_TESTABILITY = "YES";
            FRAMEWORK_SEARCH_PATHS = (
               "$(inherited)",
               "$(PLATFORM_DIR)/Developer/Library/Frameworks"
            );
            HEADER_SEARCH_PATHS = (
               "$(inherited)"
            );
            INFOPLIST_FILE = "Dependencies/BookishCoreMobile.xcodeproj/BookishCore_Info.plist";
            LD_RUNPATH_SEARCH_PATHS = (
               "$(inherited)",
               "$(TOOLCHAIN_DIR)/usr/lib/swift/macosx"
            );
            OTHER_CFLAGS = (
               "$(inherited)"
            );
            OTHER_LDFLAGS = (
               "$(inherited)"
            );
            OTHER_SWIFT_FLAGS = (
               "$(inherited)"
            );
            PRODUCT_BUNDLE_IDENTIFIER = "BookishCore";
            PRODUCT_MODULE_NAME = "$(TARGET_NAME:c99extidentifier)";
            PRODUCT_NAME = "$(TARGET_NAME:c99extidentifier)";
            SKIP_INSTALL = "YES";
            SWIFT_ACTIVE_COMPILATION_CONDITIONS = (
               "$(inherited)"
            );
            SWIFT_VERSION = "4.2";
            TARGET_NAME = "BookishCore";
         };
         name = "Debug";
      };
      "OBJ_102" = {
         isa = "XCBuildConfiguration";
         baseConfigurationReference = "OBJ_8";
         buildSettings = {
            ENABLE_TESTABILITY = "YES";
            FRAMEWORK_SEARCH_PATHS = (
               "$(inherited)",
               "$(PLATFORM_DIR)/Developer/Library/Frameworks"
            );
            HEADER_SEARCH_PATHS = (
               "$(inherited)"
            );
            INFOPLIST_FILE = "Dependencies/BookishCoreMobile.xcodeproj/BookishCore_Info.plist";
            LD_RUNPATH_SEARCH_PATHS = (
               "$(inherited)",
               "$(TOOLCHAIN_DIR)/usr/lib/swift/macosx"
            );
            OTHER_CFLAGS = (
               "$(inherited)"
            );
            OTHER_LDFLAGS = (
               "$(inherited)"
            );
            OTHER_SWIFT_FLAGS = (
               "$(inherited)"
            );
            PRODUCT_BUNDLE_IDENTIFIER = "BookishCore";
            PRODUCT_MODULE_NAME = "$(TARGET_NAME:c99extidentifier)";
            PRODUCT_NAME = "$(TARGET_NAME:c99extidentifier)";
            SKIP_INSTALL = "YES";
            SWIFT_ACTIVE_COMPILATION_CONDITIONS = (
               "$(inherited)"
            );
            SWIFT_VERSION = "4.2";
            TARGET_NAME = "BookishCore";
         };
         name = "Release";
      };
      "OBJ_103" = {
         isa = "PBXSourcesBuildPhase";
         files = (
            "OBJ_104",
            "OBJ_105"
         );
      };
      "OBJ_104" = {
         isa = "PBXBuildFile";
         fileRef = "OBJ_15";
      };
      "OBJ_105" = {
         isa = "PBXBuildFile";
         fileRef = "OBJ_16";
      };
      "OBJ_106" = {
         isa = "PBXFrameworksBuildPhase";
         files = (
            "OBJ_107",
            "OBJ_108",
            "OBJ_109",
            "OBJ_110",
            "OBJ_111"
         );
      };
      "OBJ_107" = {
         isa = "PBXBuildFile";
         fileRef = "JSONDump::JSONDump::Product";
      };
      "OBJ_108" = {
         isa = "PBXBuildFile";
         fileRef = "Actions::ActionsKit::Product";
      };
      "OBJ_109" = {
         isa = "PBXBuildFile";
         fileRef = "Actions::Actions::Product";
      };
      "OBJ_11" = {
         isa = "PBXFileReference";
         path = "main.swift";
         sourceTree = "<group>";
      };
      "OBJ_110" = {
         isa = "PBXBuildFile";
         fileRef = "Logger::LoggerKit::Product";
      };
      "OBJ_111" = {
         isa = "PBXBuildFile";
         fileRef = "Logger::Logger::Product";
      };
      "OBJ_112" = {
         isa = "PBXTargetDependency";
         target = "JSONDump::JSONDump";
      };
      "OBJ_114" = {
         isa = "PBXTargetDependency";
         target = "Actions::ActionsKit";
      };
      "OBJ_115" = {
         isa = "PBXTargetDependency";
         target = "Actions::Actions";
      };
      "OBJ_116" = {
         isa = "PBXTargetDependency";
         target = "Logger::LoggerKit";
      };
      "OBJ_118" = {
         isa = "PBXTargetDependency";
         target = "Logger::Logger";
      };
      "OBJ_12" = {
         isa = "PBXGroup";
         children = (
            "OBJ_13"
         );
         name = "BookishCoreMobile";
         path = "Sources/BookishCoreMobile";
         sourceTree = "SOURCE_ROOT";
      };
      "OBJ_120" = {
         isa = "XCConfigurationList";
         buildConfigurations = (
            "OBJ_121",
            "OBJ_122"
         );
         defaultConfigurationIsVisible = "0";
         defaultConfigurationName = "Release";
      };
      "OBJ_121" = {
         isa = "XCBuildConfiguration";
         baseConfigurationReference = "OBJ_8";
         buildSettings = {
            FRAMEWORK_SEARCH_PATHS = (
               "$(inherited)",
               "$(PLATFORM_DIR)/Developer/Library/Frameworks"
            );
            HEADER_SEARCH_PATHS = (
               "$(inherited)"
            );
            INFOPLIST_FILE = "Dependencies/BookishCoreMobile.xcodeproj/BookishCoreMac_Info.plist";
            LD_RUNPATH_SEARCH_PATHS = (
               "$(inherited)",
               "$(TOOLCHAIN_DIR)/usr/lib/swift/macosx",
               "@executable_path"
            );
            OTHER_CFLAGS = (
               "$(inherited)"
            );
            OTHER_LDFLAGS = (
               "$(inherited)"
            );
            OTHER_SWIFT_FLAGS = (
               "$(inherited)"
            );
            SWIFT_ACTIVE_COMPILATION_CONDITIONS = (
               "$(inherited)"
            );
            SWIFT_FORCE_DYNAMIC_LINK_STDLIB = "YES";
            SWIFT_FORCE_STATIC_LINK_STDLIB = "NO";
            SWIFT_VERSION = "4.2";
            TARGET_NAME = "BookishCoreMac";
         };
         name = "Debug";
      };
      "OBJ_122" = {
         isa = "XCBuildConfiguration";
         baseConfigurationReference = "OBJ_8";
         buildSettings = {
            FRAMEWORK_SEARCH_PATHS = (
               "$(inherited)",
               "$(PLATFORM_DIR)/Developer/Library/Frameworks"
            );
            HEADER_SEARCH_PATHS = (
               "$(inherited)"
            );
            INFOPLIST_FILE = "Dependencies/BookishCoreMobile.xcodeproj/BookishCoreMac_Info.plist";
            LD_RUNPATH_SEARCH_PATHS = (
               "$(inherited)",
               "$(TOOLCHAIN_DIR)/usr/lib/swift/macosx",
               "@executable_path"
            );
            OTHER_CFLAGS = (
               "$(inherited)"
            );
            OTHER_LDFLAGS = (
               "$(inherited)"
            );
            OTHER_SWIFT_FLAGS = (
               "$(inherited)"
            );
            SWIFT_ACTIVE_COMPILATION_CONDITIONS = (
               "$(inherited)"
            );
            SWIFT_FORCE_DYNAMIC_LINK_STDLIB = "YES";
            SWIFT_FORCE_STATIC_LINK_STDLIB = "NO";
            SWIFT_VERSION = "4.2";
            TARGET_NAME = "BookishCoreMac";
         };
         name = "Release";
      };
      "OBJ_123" = {
         isa = "PBXSourcesBuildPhase";
         files = (
            "OBJ_124"
         );
      };
      "OBJ_124" = {
         isa = "PBXBuildFile";
         fileRef = "OBJ_11";
      };
      "OBJ_125" = {
         isa = "PBXFrameworksBuildPhase";
         files = (
            "OBJ_126",
            "OBJ_127",
            "OBJ_128",
            "OBJ_129",
            "OBJ_130",
            "OBJ_131"
         );
      };
      "OBJ_126" = {
         isa = "PBXBuildFile";
         fileRef = "BookishCoreMobile::BookishCore::Product";
      };
      "OBJ_127" = {
         isa = "PBXBuildFile";
         fileRef = "JSONDump::JSONDump::Product";
      };
      "OBJ_128" = {
         isa = "PBXBuildFile";
         fileRef = "Actions::ActionsKit::Product";
      };
      "OBJ_129" = {
         isa = "PBXBuildFile";
         fileRef = "Actions::Actions::Product";
      };
      "OBJ_13" = {
         isa = "PBXFileReference";
         path = "main.swift";
         sourceTree = "<group>";
      };
      "OBJ_130" = {
         isa = "PBXBuildFile";
         fileRef = "Logger::LoggerKit::Product";
      };
      "OBJ_131" = {
         isa = "PBXBuildFile";
         fileRef = "Logger::Logger::Product";
      };
      "OBJ_132" = {
         isa = "PBXTargetDependency";
         target = "BookishCoreMobile::BookishCore";
      };
      "OBJ_133" = {
         isa = "PBXTargetDependency";
         target = "JSONDump::JSONDump";
      };
      "OBJ_134" = {
         isa = "PBXTargetDependency";
         target = "Actions::ActionsKit";
      };
      "OBJ_135" = {
         isa = "PBXTargetDependency";
         target = "Actions::Actions";
      };
      "OBJ_136" = {
         isa = "PBXTargetDependency";
         target = "Logger::LoggerKit";
      };
      "OBJ_137" = {
         isa = "PBXTargetDependency";
         target = "Logger::Logger";
      };
      "OBJ_139" = {
         isa = "XCConfigurationList";
         buildConfigurations = (
            "OBJ_140",
            "OBJ_141"
         );
         defaultConfigurationIsVisible = "0";
         defaultConfigurationName = "Release";
      };
      "OBJ_14" = {
         isa = "PBXGroup";
         children = (
            "OBJ_15",
            "OBJ_16"
         );
         name = "BookishCore";
         path = "Sources/BookishCore";
         sourceTree = "SOURCE_ROOT";
      };
      "OBJ_140" = {
         isa = "XCBuildConfiguration";
         baseConfigurationReference = "OBJ_8";
         buildSettings = {
            FRAMEWORK_SEARCH_PATHS = (
               "$(inherited)",
               "$(PLATFORM_DIR)/Developer/Library/Frameworks"
            );
            HEADER_SEARCH_PATHS = (
               "$(inherited)"
            );
            INFOPLIST_FILE = "Dependencies/BookishCoreMobile.xcodeproj/BookishCoreMobile_Info.plist";
            LD_RUNPATH_SEARCH_PATHS = (
               "$(inherited)",
               "$(TOOLCHAIN_DIR)/usr/lib/swift/macosx",
               "@executable_path"
            );
            OTHER_CFLAGS = (
               "$(inherited)"
            );
            OTHER_LDFLAGS = (
               "$(inherited)"
            );
            OTHER_SWIFT_FLAGS = (
               "$(inherited)"
            );
            SWIFT_ACTIVE_COMPILATION_CONDITIONS = (
               "$(inherited)"
            );
            SWIFT_FORCE_DYNAMIC_LINK_STDLIB = "YES";
            SWIFT_FORCE_STATIC_LINK_STDLIB = "NO";
            SWIFT_VERSION = "4.2";
            TARGET_NAME = "BookishCoreMobile";
         };
         name = "Debug";
      };
      "OBJ_141" = {
         isa = "XCBuildConfiguration";
         baseConfigurationReference = "OBJ_8";
         buildSettings = {
            FRAMEWORK_SEARCH_PATHS = (
               "$(inherited)",
               "$(PLATFORM_DIR)/Developer/Library/Frameworks"
            );
            HEADER_SEARCH_PATHS = (
               "$(inherited)"
            );
            INFOPLIST_FILE = "Dependencies/BookishCoreMobile.xcodeproj/BookishCoreMobile_Info.plist";
            LD_RUNPATH_SEARCH_PATHS = (
               "$(inherited)",
               "$(TOOLCHAIN_DIR)/usr/lib/swift/macosx",
               "@executable_path"
            );
            OTHER_CFLAGS = (
               "$(inherited)"
            );
            OTHER_LDFLAGS = (
               "$(inherited)"
            );
            OTHER_SWIFT_FLAGS = (
               "$(inherited)"
            );
            SWIFT_ACTIVE_COMPILATION_CONDITIONS = (
               "$(inherited)"
            );
            SWIFT_FORCE_DYNAMIC_LINK_STDLIB = "YES";
            SWIFT_FORCE_STATIC_LINK_STDLIB = "NO";
            SWIFT_VERSION = "4.2";
            TARGET_NAME = "BookishCoreMobile";
         };
         name = "Release";
      };
      "OBJ_142" = {
         isa = "PBXSourcesBuildPhase";
         files = (
            "OBJ_143"
         );
      };
      "OBJ_143" = {
         isa = "PBXBuildFile";
         fileRef = "OBJ_13";
      };
      "OBJ_144" = {
         isa = "PBXFrameworksBuildPhase";
         files = (
            "OBJ_145",
            "OBJ_146",
            "OBJ_147",
            "OBJ_148",
            "OBJ_149",
            "OBJ_150"
         );
      };
      "OBJ_145" = {
         isa = "PBXBuildFile";
         fileRef = "BookishCoreMobile::BookishCore::Product";
      };
      "OBJ_146" = {
         isa = "PBXBuildFile";
         fileRef = "JSONDump::JSONDump::Product";
      };
      "OBJ_147" = {
         isa = "PBXBuildFile";
         fileRef = "Actions::ActionsKit::Product";
      };
      "OBJ_148" = {
         isa = "PBXBuildFile";
         fileRef = "Actions::Actions::Product";
      };
      "OBJ_149" = {
         isa = "PBXBuildFile";
         fileRef = "Logger::LoggerKit::Product";
      };
      "OBJ_15" = {
         isa = "PBXFileReference";
         path = "BookishCore.swift";
         sourceTree = "<group>";
      };
      "OBJ_150" = {
         isa = "PBXBuildFile";
         fileRef = "Logger::Logger::Product";
      };
      "OBJ_151" = {
         isa = "PBXTargetDependency";
         target = "BookishCoreMobile::BookishCore";
      };
      "OBJ_152" = {
         isa = "PBXTargetDependency";
         target = "JSONDump::JSONDump";
      };
      "OBJ_153" = {
         isa = "PBXTargetDependency";
         target = "Actions::ActionsKit";
      };
      "OBJ_154" = {
         isa = "PBXTargetDependency";
         target = "Actions::Actions";
      };
      "OBJ_155" = {
         isa = "PBXTargetDependency";
         target = "Logger::LoggerKit";
      };
      "OBJ_156" = {
         isa = "PBXTargetDependency";
         target = "Logger::Logger";
      };
      "OBJ_158" = {
         isa = "XCConfigurationList";
         buildConfigurations = (
            "OBJ_159",
            "OBJ_160"
         );
         defaultConfigurationIsVisible = "0";
         defaultConfigurationName = "Release";
      };
      "OBJ_159" = {
         isa = "XCBuildConfiguration";
         buildSettings = {
            LD = "/usr/bin/true";
            OTHER_SWIFT_FLAGS = (
               "-swift-version",
               "4.2",
               "-I",
               "$(TOOLCHAIN_DIR)/usr/lib/swift/pm/4_2",
               "-target",
               "x86_64-apple-macosx10.10",
               "-sdk",
               "/Applications/Xcode10.1.app/Contents/Developer/Platforms/MacOSX.platform/Developer/SDKs/MacOSX10.14.sdk"
            );
            SWIFT_VERSION = "4.2";
         };
         name = "Debug";
      };
      "OBJ_16" = {
         isa = "PBXFileReference";
         path = "ImageCache.swift";
         sourceTree = "<group>";
      };
      "OBJ_160" = {
         isa = "XCBuildConfiguration";
         buildSettings = {
            LD = "/usr/bin/true";
            OTHER_SWIFT_FLAGS = (
               "-swift-version",
               "4.2",
               "-I",
               "$(TOOLCHAIN_DIR)/usr/lib/swift/pm/4_2",
               "-target",
               "x86_64-apple-macosx10.10",
               "-sdk",
               "/Applications/Xcode10.1.app/Contents/Developer/Platforms/MacOSX.platform/Developer/SDKs/MacOSX10.14.sdk"
            );
            SWIFT_VERSION = "4.2";
         };
         name = "Release";
      };
      "OBJ_161" = {
         isa = "PBXSourcesBuildPhase";
         files = (
            "OBJ_162"
         );
      };
      "OBJ_162" = {
         isa = "PBXBuildFile";
         fileRef = "OBJ_6";
      };
      "OBJ_164" = {
         isa = "XCConfigurationList";
         buildConfigurations = (
            "OBJ_165",
            "OBJ_166"
         );
         defaultConfigurationIsVisible = "0";
         defaultConfigurationName = "Release";
      };
      "OBJ_165" = {
         isa = "XCBuildConfiguration";
         buildSettings = {
         };
         name = "Debug";
      };
      "OBJ_166" = {
         isa = "XCBuildConfiguration";
         buildSettings = {
         };
         name = "Release";
      };
      "OBJ_167" = {
         isa = "PBXTargetDependency";
         target = "BookishCoreMobile::BookishCoreTests";
      };
      "OBJ_169" = {
         isa = "XCConfigurationList";
         buildConfigurations = (
            "OBJ_170",
            "OBJ_171"
         );
         defaultConfigurationIsVisible = "0";
         defaultConfigurationName = "Release";
      };
      "OBJ_17" = {
         isa = "PBXGroup";
         children = (
            "OBJ_18"
         );
         name = "Tests";
         path = "";
         sourceTree = "SOURCE_ROOT";
      };
      "OBJ_170" = {
         isa = "XCBuildConfiguration";
         baseConfigurationReference = "OBJ_8";
         buildSettings = {
            CLANG_ENABLE_MODULES = "YES";
            EMBEDDED_CONTENT_CONTAINS_SWIFT = "YES";
            FRAMEWORK_SEARCH_PATHS = (
               "$(inherited)",
               "$(PLATFORM_DIR)/Developer/Library/Frameworks"
            );
            HEADER_SEARCH_PATHS = (
               "$(inherited)"
            );
            INFOPLIST_FILE = "Dependencies/BookishCoreMobile.xcodeproj/BookishCoreTests_Info.plist";
            LD_RUNPATH_SEARCH_PATHS = (
               "$(inherited)",
               "@loader_path/../Frameworks",
               "@loader_path/Frameworks"
            );
            OTHER_CFLAGS = (
               "$(inherited)"
            );
            OTHER_LDFLAGS = (
               "$(inherited)"
            );
            OTHER_SWIFT_FLAGS = (
               "$(inherited)"
            );
            SWIFT_ACTIVE_COMPILATION_CONDITIONS = (
               "$(inherited)"
            );
            SWIFT_VERSION = "4.2";
            TARGET_NAME = "BookishCoreTests";
         };
         name = "Debug";
      };
      "OBJ_171" = {
         isa = "XCBuildConfiguration";
         baseConfigurationReference = "OBJ_8";
         buildSettings = {
            CLANG_ENABLE_MODULES = "YES";
            EMBEDDED_CONTENT_CONTAINS_SWIFT = "YES";
            FRAMEWORK_SEARCH_PATHS = (
               "$(inherited)",
               "$(PLATFORM_DIR)/Developer/Library/Frameworks"
            );
            HEADER_SEARCH_PATHS = (
               "$(inherited)"
            );
            INFOPLIST_FILE = "Dependencies/BookishCoreMobile.xcodeproj/BookishCoreTests_Info.plist";
            LD_RUNPATH_SEARCH_PATHS = (
               "$(inherited)",
               "@loader_path/../Frameworks",
               "@loader_path/Frameworks"
            );
            OTHER_CFLAGS = (
               "$(inherited)"
            );
            OTHER_LDFLAGS = (
               "$(inherited)"
            );
            OTHER_SWIFT_FLAGS = (
               "$(inherited)"
            );
            SWIFT_ACTIVE_COMPILATION_CONDITIONS = (
               "$(inherited)"
            );
            SWIFT_VERSION = "4.2";
            TARGET_NAME = "BookishCoreTests";
         };
         name = "Release";
      };
      "OBJ_172" = {
         isa = "PBXSourcesBuildPhase";
         files = (
            "OBJ_173"
         );
      };
      "OBJ_173" = {
         isa = "PBXBuildFile";
         fileRef = "OBJ_19";
      };
      "OBJ_174" = {
         isa = "PBXFrameworksBuildPhase";
         files = (
            "OBJ_175",
            "OBJ_176",
            "OBJ_177",
            "OBJ_178",
            "OBJ_179",
            "OBJ_180",
            "OBJ_181"
         );
      };
      "OBJ_175" = {
         isa = "PBXBuildFile";
         fileRef = "Logger::LoggerTestSupport::Product";
      };
      "OBJ_176" = {
         isa = "PBXBuildFile";
         fileRef = "BookishCoreMobile::BookishCore::Product";
      };
      "OBJ_177" = {
         isa = "PBXBuildFile";
         fileRef = "JSONDump::JSONDump::Product";
      };
      "OBJ_178" = {
         isa = "PBXBuildFile";
         fileRef = "Actions::ActionsKit::Product";
      };
      "OBJ_179" = {
         isa = "PBXBuildFile";
         fileRef = "Actions::Actions::Product";
      };
      "OBJ_18" = {
         isa = "PBXGroup";
         children = (
            "OBJ_19"
         );
         name = "BookishCoreTests";
         path = "Tests/BookishCoreTests";
         sourceTree = "SOURCE_ROOT";
      };
      "OBJ_180" = {
         isa = "PBXBuildFile";
         fileRef = "Logger::LoggerKit::Product";
      };
      "OBJ_181" = {
         isa = "PBXBuildFile";
         fileRef = "Logger::Logger::Product";
      };
      "OBJ_182" = {
         isa = "PBXTargetDependency";
         target = "Logger::LoggerTestSupport";
      };
      "OBJ_184" = {
         isa = "PBXTargetDependency";
         target = "BookishCoreMobile::BookishCore";
      };
      "OBJ_185" = {
         isa = "PBXTargetDependency";
         target = "JSONDump::JSONDump";
      };
      "OBJ_186" = {
         isa = "PBXTargetDependency";
         target = "Actions::ActionsKit";
      };
      "OBJ_187" = {
         isa = "PBXTargetDependency";
         target = "Actions::Actions";
      };
      "OBJ_188" = {
         isa = "PBXTargetDependency";
         target = "Logger::LoggerKit";
      };
      "OBJ_189" = {
         isa = "PBXTargetDependency";
         target = "Logger::Logger";
      };
      "OBJ_19" = {
         isa = "PBXFileReference";
         path = "BookishCoreTests.swift";
         sourceTree = "<group>";
      };
      "OBJ_190" = {
         isa = "XCConfigurationList";
         buildConfigurations = (
            "OBJ_191",
            "OBJ_192"
         );
         defaultConfigurationIsVisible = "0";
         defaultConfigurationName = "Release";
      };
      "OBJ_191" = {
         isa = "XCBuildConfiguration";
         baseConfigurationReference = "OBJ_8";
         buildSettings = {
            ENABLE_TESTABILITY = "YES";
            FRAMEWORK_SEARCH_PATHS = (
               "$(inherited)",
               "$(PLATFORM_DIR)/Developer/Library/Frameworks"
            );
            HEADER_SEARCH_PATHS = (
               "$(inherited)"
            );
            INFOPLIST_FILE = "Dependencies/BookishCoreMobile.xcodeproj/JSONDump_Info.plist";
            LD_RUNPATH_SEARCH_PATHS = (
               "$(inherited)",
               "$(TOOLCHAIN_DIR)/usr/lib/swift/macosx"
            );
            OTHER_CFLAGS = (
               "$(inherited)"
            );
            OTHER_LDFLAGS = (
               "$(inherited)"
            );
            OTHER_SWIFT_FLAGS = (
               "$(inherited)"
            );
            PRODUCT_BUNDLE_IDENTIFIER = "JSONDump";
            PRODUCT_MODULE_NAME = "$(TARGET_NAME:c99extidentifier)";
            PRODUCT_NAME = "$(TARGET_NAME:c99extidentifier)";
            SKIP_INSTALL = "YES";
            SWIFT_ACTIVE_COMPILATION_CONDITIONS = (
               "$(inherited)"
            );
            SWIFT_VERSION = "4.2";
            TARGET_NAME = "JSONDump";
         };
         name = "Debug";
      };
      "OBJ_192" = {
         isa = "XCBuildConfiguration";
         baseConfigurationReference = "OBJ_8";
         buildSettings = {
            ENABLE_TESTABILITY = "YES";
            FRAMEWORK_SEARCH_PATHS = (
               "$(inherited)",
               "$(PLATFORM_DIR)/Developer/Library/Frameworks"
            );
            HEADER_SEARCH_PATHS = (
               "$(inherited)"
            );
            INFOPLIST_FILE = "Dependencies/BookishCoreMobile.xcodeproj/JSONDump_Info.plist";
            LD_RUNPATH_SEARCH_PATHS = (
               "$(inherited)",
               "$(TOOLCHAIN_DIR)/usr/lib/swift/macosx"
            );
            OTHER_CFLAGS = (
               "$(inherited)"
            );
            OTHER_LDFLAGS = (
               "$(inherited)"
            );
            OTHER_SWIFT_FLAGS = (
               "$(inherited)"
            );
            PRODUCT_BUNDLE_IDENTIFIER = "JSONDump";
            PRODUCT_MODULE_NAME = "$(TARGET_NAME:c99extidentifier)";
            PRODUCT_NAME = "$(TARGET_NAME:c99extidentifier)";
            SKIP_INSTALL = "YES";
            SWIFT_ACTIVE_COMPILATION_CONDITIONS = (
               "$(inherited)"
            );
            SWIFT_VERSION = "4.2";
            TARGET_NAME = "JSONDump";
         };
         name = "Release";
      };
      "OBJ_193" = {
         isa = "PBXSourcesBuildPhase";
         files = (
            "OBJ_194"
         );
      };
      "OBJ_194" = {
         isa = "PBXBuildFile";
         fileRef = "OBJ_26";
      };
      "OBJ_195" = {
         isa = "PBXFrameworksBuildPhase";
         files = (
         );
      };
      "OBJ_197" = {
         isa = "XCConfigurationList";
         buildConfigurations = (
            "OBJ_198",
            "OBJ_199"
         );
         defaultConfigurationIsVisible = "0";
         defaultConfigurationName = "Release";
      };
      "OBJ_198" = {
         isa = "XCBuildConfiguration";
         buildSettings = {
            LD = "/usr/bin/true";
            OTHER_SWIFT_FLAGS = (
               "-swift-version",
               "4.2",
               "-I",
               "$(TOOLCHAIN_DIR)/usr/lib/swift/pm/4_2",
               "-target",
               "x86_64-apple-macosx10.10",
               "-sdk",
               "/Applications/Xcode10.1.app/Contents/Developer/Platforms/MacOSX.platform/Developer/SDKs/MacOSX10.14.sdk"
            );
            SWIFT_VERSION = "4.2";
         };
         name = "Debug";
      };
      "OBJ_199" = {
         isa = "XCBuildConfiguration";
         buildSettings = {
            LD = "/usr/bin/true";
            OTHER_SWIFT_FLAGS = (
               "-swift-version",
               "4.2",
               "-I",
               "$(TOOLCHAIN_DIR)/usr/lib/swift/pm/4_2",
               "-target",
               "x86_64-apple-macosx10.10",
               "-sdk",
               "/Applications/Xcode10.1.app/Contents/Developer/Platforms/MacOSX.platform/Developer/SDKs/MacOSX10.14.sdk"
            );
            SWIFT_VERSION = "4.2";
         };
         name = "Release";
      };
      "OBJ_2" = {
         isa = "XCConfigurationList";
         buildConfigurations = (
            "OBJ_3",
            "OBJ_4"
         );
         defaultConfigurationIsVisible = "0";
         defaultConfigurationName = "Release";
      };
      "OBJ_20" = {
         isa = "PBXFileReference";
         path = "Dependencies";
         sourceTree = "SOURCE_ROOT";
      };
      "OBJ_200" = {
         isa = "PBXSourcesBuildPhase";
         files = (
            "OBJ_201"
         );
      };
      "OBJ_201" = {
         isa = "PBXBuildFile";
         fileRef = "OBJ_27";
      };
      "OBJ_202" = {
         isa = "XCConfigurationList";
         buildConfigurations = (
            "OBJ_203",
            "OBJ_204"
         );
         defaultConfigurationIsVisible = "0";
         defaultConfigurationName = "Release";
      };
      "OBJ_203" = {
         isa = "XCBuildConfiguration";
         baseConfigurationReference = "OBJ_8";
         buildSettings = {
            ENABLE_TESTABILITY = "YES";
            FRAMEWORK_SEARCH_PATHS = (
               "$(inherited)",
               "$(PLATFORM_DIR)/Developer/Library/Frameworks"
            );
            HEADER_SEARCH_PATHS = (
               "$(inherited)"
            );
            INFOPLIST_FILE = "Dependencies/BookishCoreMobile.xcodeproj/Logger_Info.plist";
            LD_RUNPATH_SEARCH_PATHS = (
               "$(inherited)",
               "$(TOOLCHAIN_DIR)/usr/lib/swift/macosx"
            );
            OTHER_CFLAGS = (
               "$(inherited)"
            );
            OTHER_LDFLAGS = (
               "$(inherited)"
            );
            OTHER_SWIFT_FLAGS = (
               "$(inherited)"
            );
            PRODUCT_BUNDLE_IDENTIFIER = "Logger";
            PRODUCT_MODULE_NAME = "$(TARGET_NAME:c99extidentifier)";
            PRODUCT_NAME = "$(TARGET_NAME:c99extidentifier)";
            SKIP_INSTALL = "YES";
            SWIFT_ACTIVE_COMPILATION_CONDITIONS = (
               "$(inherited)"
            );
            SWIFT_VERSION = "4.2";
            TARGET_NAME = "Logger";
         };
         name = "Debug";
      };
      "OBJ_204" = {
         isa = "XCBuildConfiguration";
         baseConfigurationReference = "OBJ_8";
         buildSettings = {
            ENABLE_TESTABILITY = "YES";
            FRAMEWORK_SEARCH_PATHS = (
               "$(inherited)",
               "$(PLATFORM_DIR)/Developer/Library/Frameworks"
            );
            HEADER_SEARCH_PATHS = (
               "$(inherited)"
            );
            INFOPLIST_FILE = "Dependencies/BookishCoreMobile.xcodeproj/Logger_Info.plist";
            LD_RUNPATH_SEARCH_PATHS = (
               "$(inherited)",
               "$(TOOLCHAIN_DIR)/usr/lib/swift/macosx"
            );
            OTHER_CFLAGS = (
               "$(inherited)"
            );
            OTHER_LDFLAGS = (
               "$(inherited)"
            );
            OTHER_SWIFT_FLAGS = (
               "$(inherited)"
            );
            PRODUCT_BUNDLE_IDENTIFIER = "Logger";
            PRODUCT_MODULE_NAME = "$(TARGET_NAME:c99extidentifier)";
            PRODUCT_NAME = "$(TARGET_NAME:c99extidentifier)";
            SKIP_INSTALL = "YES";
            SWIFT_ACTIVE_COMPILATION_CONDITIONS = (
               "$(inherited)"
            );
            SWIFT_VERSION = "4.2";
            TARGET_NAME = "Logger";
         };
         name = "Release";
      };
      "OBJ_205" = {
         isa = "PBXSourcesBuildPhase";
         files = (
            "OBJ_206",
            "OBJ_207",
            "OBJ_208",
            "OBJ_209",
            "OBJ_210",
            "OBJ_211",
            "OBJ_212"
         );
      };
      "OBJ_206" = {
         isa = "PBXBuildFile";
         fileRef = "OBJ_47";
      };
      "OBJ_207" = {
         isa = "PBXBuildFile";
         fileRef = "OBJ_48";
      };
      "OBJ_208" = {
         isa = "PBXBuildFile";
         fileRef = "OBJ_49";
      };
      "OBJ_209" = {
         isa = "PBXBuildFile";
         fileRef = "OBJ_50";
      };
      "OBJ_21" = {
         isa = "PBXFileReference";
         path = "Configs";
         sourceTree = "SOURCE_ROOT";
      };
      "OBJ_210" = {
         isa = "PBXBuildFile";
         fileRef = "OBJ_51";
      };
      "OBJ_211" = {
         isa = "PBXBuildFile";
         fileRef = "OBJ_52";
      };
      "OBJ_212" = {
         isa = "PBXBuildFile";
         fileRef = "OBJ_53";
      };
      "OBJ_213" = {
         isa = "PBXFrameworksBuildPhase";
         files = (
         );
      };
      "OBJ_214" = {
         isa = "XCConfigurationList";
         buildConfigurations = (
            "OBJ_215",
            "OBJ_216"
         );
         defaultConfigurationIsVisible = "0";
         defaultConfigurationName = "Release";
      };
      "OBJ_215" = {
         isa = "XCBuildConfiguration";
         baseConfigurationReference = "OBJ_8";
         buildSettings = {
            ENABLE_TESTABILITY = "YES";
            FRAMEWORK_SEARCH_PATHS = (
               "$(inherited)",
               "$(PLATFORM_DIR)/Developer/Library/Frameworks"
            );
            HEADER_SEARCH_PATHS = (
               "$(inherited)"
            );
            INFOPLIST_FILE = "Dependencies/BookishCoreMobile.xcodeproj/LoggerKit_Info.plist";
            LD_RUNPATH_SEARCH_PATHS = (
               "$(inherited)",
               "$(TOOLCHAIN_DIR)/usr/lib/swift/macosx"
            );
            OTHER_CFLAGS = (
               "$(inherited)"
            );
            OTHER_LDFLAGS = (
               "$(inherited)"
            );
            OTHER_SWIFT_FLAGS = (
               "$(inherited)"
            );
            PRODUCT_BUNDLE_IDENTIFIER = "LoggerKit";
            PRODUCT_MODULE_NAME = "$(TARGET_NAME:c99extidentifier)";
            PRODUCT_NAME = "$(TARGET_NAME:c99extidentifier)";
            SKIP_INSTALL = "YES";
            SWIFT_ACTIVE_COMPILATION_CONDITIONS = (
               "$(inherited)"
            );
            SWIFT_VERSION = "4.2";
            TARGET_NAME = "LoggerKit";
         };
         name = "Debug";
      };
      "OBJ_216" = {
         isa = "XCBuildConfiguration";
         baseConfigurationReference = "OBJ_8";
         buildSettings = {
            ENABLE_TESTABILITY = "YES";
            FRAMEWORK_SEARCH_PATHS = (
               "$(inherited)",
               "$(PLATFORM_DIR)/Developer/Library/Frameworks"
            );
            HEADER_SEARCH_PATHS = (
               "$(inherited)"
            );
            INFOPLIST_FILE = "Dependencies/BookishCoreMobile.xcodeproj/LoggerKit_Info.plist";
            LD_RUNPATH_SEARCH_PATHS = (
               "$(inherited)",
               "$(TOOLCHAIN_DIR)/usr/lib/swift/macosx"
            );
            OTHER_CFLAGS = (
               "$(inherited)"
            );
            OTHER_LDFLAGS = (
               "$(inherited)"
            );
            OTHER_SWIFT_FLAGS = (
               "$(inherited)"
            );
            PRODUCT_BUNDLE_IDENTIFIER = "LoggerKit";
            PRODUCT_MODULE_NAME = "$(TARGET_NAME:c99extidentifier)";
            PRODUCT_NAME = "$(TARGET_NAME:c99extidentifier)";
            SKIP_INSTALL = "YES";
            SWIFT_ACTIVE_COMPILATION_CONDITIONS = (
               "$(inherited)"
            );
            SWIFT_VERSION = "4.2";
            TARGET_NAME = "LoggerKit";
         };
         name = "Release";
      };
      "OBJ_217" = {
         isa = "PBXSourcesBuildPhase";
         files = (
            "OBJ_218"
         );
      };
      "OBJ_218" = {
         isa = "PBXBuildFile";
         fileRef = "OBJ_45";
      };
      "OBJ_219" = {
         isa = "PBXFrameworksBuildPhase";
         files = (
            "OBJ_220"
         );
      };
      "OBJ_22" = {
         isa = "PBXFileReference";
         path = "BookishModel.xcworkspace";
         sourceTree = "SOURCE_ROOT";
      };
      "OBJ_220" = {
         isa = "PBXBuildFile";
         fileRef = "Logger::Logger::Product";
      };
      "OBJ_221" = {
         isa = "PBXTargetDependency";
         target = "Logger::Logger";
      };
      "OBJ_223" = {
         isa = "XCConfigurationList";
         buildConfigurations = (
            "OBJ_224",
            "OBJ_225"
         );
         defaultConfigurationIsVisible = "0";
         defaultConfigurationName = "Release";
      };
      "OBJ_224" = {
         isa = "XCBuildConfiguration";
         buildSettings = {
            LD = "/usr/bin/true";
            OTHER_SWIFT_FLAGS = (
               "-swift-version",
               "4.2",
               "-I",
               "$(TOOLCHAIN_DIR)/usr/lib/swift/pm/4_2",
               "-target",
               "x86_64-apple-macosx10.10",
               "-sdk",
               "/Applications/Xcode10.1.app/Contents/Developer/Platforms/MacOSX.platform/Developer/SDKs/MacOSX10.14.sdk"
            );
            SWIFT_VERSION = "4.2";
         };
         name = "Debug";
      };
      "OBJ_225" = {
         isa = "XCBuildConfiguration";
         buildSettings = {
            LD = "/usr/bin/true";
            OTHER_SWIFT_FLAGS = (
               "-swift-version",
               "4.2",
               "-I",
               "$(TOOLCHAIN_DIR)/usr/lib/swift/pm/4_2",
               "-target",
               "x86_64-apple-macosx10.10",
               "-sdk",
               "/Applications/Xcode10.1.app/Contents/Developer/Platforms/MacOSX.platform/Developer/SDKs/MacOSX10.14.sdk"
            );
            SWIFT_VERSION = "4.2";
         };
         name = "Release";
      };
      "OBJ_226" = {
         isa = "PBXSourcesBuildPhase";
         files = (
            "OBJ_227"
         );
      };
      "OBJ_227" = {
         isa = "PBXBuildFile";
         fileRef = "OBJ_54";
      };
      "OBJ_228" = {
         isa = "XCConfigurationList";
         buildConfigurations = (
            "OBJ_229",
            "OBJ_230"
         );
         defaultConfigurationIsVisible = "0";
         defaultConfigurationName = "Release";
      };
      "OBJ_229" = {
         isa = "XCBuildConfiguration";
         baseConfigurationReference = "OBJ_8";
         buildSettings = {
            ENABLE_TESTABILITY = "YES";
            FRAMEWORK_SEARCH_PATHS = (
               "$(inherited)",
               "$(PLATFORM_DIR)/Developer/Library/Frameworks"
            );
            HEADER_SEARCH_PATHS = (
               "$(inherited)"
            );
            INFOPLIST_FILE = "Dependencies/BookishCoreMobile.xcodeproj/LoggerTestSupport_Info.plist";
            LD_RUNPATH_SEARCH_PATHS = (
               "$(inherited)",
               "$(TOOLCHAIN_DIR)/usr/lib/swift/macosx"
            );
            OTHER_CFLAGS = (
               "$(inherited)"
            );
            OTHER_LDFLAGS = (
               "$(inherited)"
            );
            OTHER_SWIFT_FLAGS = (
               "$(inherited)"
            );
            PRODUCT_BUNDLE_IDENTIFIER = "LoggerTestSupport";
            PRODUCT_MODULE_NAME = "$(TARGET_NAME:c99extidentifier)";
            PRODUCT_NAME = "$(TARGET_NAME:c99extidentifier)";
            SKIP_INSTALL = "YES";
            SWIFT_ACTIVE_COMPILATION_CONDITIONS = (
               "$(inherited)"
            );
            SWIFT_VERSION = "4.2";
            TARGET_NAME = "LoggerTestSupport";
         };
         name = "Debug";
      };
      "OBJ_23" = {
         isa = "PBXGroup";
         children = (
            "OBJ_24",
            "OBJ_28",
            "OBJ_40"
         );
         name = "Dependencies";
         path = "";
         sourceTree = "<group>";
      };
      "OBJ_230" = {
         isa = "XCBuildConfiguration";
         baseConfigurationReference = "OBJ_8";
         buildSettings = {
            ENABLE_TESTABILITY = "YES";
            FRAMEWORK_SEARCH_PATHS = (
               "$(inherited)",
               "$(PLATFORM_DIR)/Developer/Library/Frameworks"
            );
            HEADER_SEARCH_PATHS = (
               "$(inherited)"
            );
            INFOPLIST_FILE = "Dependencies/BookishCoreMobile.xcodeproj/LoggerTestSupport_Info.plist";
            LD_RUNPATH_SEARCH_PATHS = (
               "$(inherited)",
               "$(TOOLCHAIN_DIR)/usr/lib/swift/macosx"
            );
            OTHER_CFLAGS = (
               "$(inherited)"
            );
            OTHER_LDFLAGS = (
               "$(inherited)"
            );
            OTHER_SWIFT_FLAGS = (
               "$(inherited)"
            );
            PRODUCT_BUNDLE_IDENTIFIER = "LoggerTestSupport";
            PRODUCT_MODULE_NAME = "$(TARGET_NAME:c99extidentifier)";
            PRODUCT_NAME = "$(TARGET_NAME:c99extidentifier)";
            SKIP_INSTALL = "YES";
            SWIFT_ACTIVE_COMPILATION_CONDITIONS = (
               "$(inherited)"
            );
            SWIFT_VERSION = "4.2";
            TARGET_NAME = "LoggerTestSupport";
         };
         name = "Release";
      };
      "OBJ_231" = {
         isa = "PBXSourcesBuildPhase";
         files = (
            "OBJ_232"
         );
      };
      "OBJ_232" = {
         isa = "PBXBuildFile";
         fileRef = "OBJ_42";
      };
      "OBJ_233" = {
         isa = "PBXFrameworksBuildPhase";
         files = (
            "OBJ_234"
         );
      };
      "OBJ_234" = {
         isa = "PBXBuildFile";
         fileRef = "Logger::Logger::Product";
      };
      "OBJ_235" = {
         isa = "PBXTargetDependency";
         target = "Logger::Logger";
      };
      "OBJ_24" = {
         isa = "PBXGroup";
         children = (
            "OBJ_25",
            "OBJ_27"
         );
         name = "JSONDump 1.0.3";
         path = "";
         sourceTree = "SOURCE_ROOT";
      };
      "OBJ_25" = {
         isa = "PBXGroup";
         children = (
            "OBJ_26"
         );
         name = "JSONDump";
         path = ".build/checkouts/JSONDump--1978610988490466521/Sources/JSONDump";
         sourceTree = "SOURCE_ROOT";
      };
      "OBJ_26" = {
         isa = "PBXFileReference";
         path = "JSONDump.swift";
         sourceTree = "<group>";
      };
      "OBJ_27" = {
         isa = "PBXFileReference";
         explicitFileType = "sourcecode.swift";
         name = "Package.swift";
         path = "/Users/sam/Projects/Bookish/Dependencies/BookishModel/.build/checkouts/JSONDump--1978610988490466521/Package.swift";
         sourceTree = "<group>";
      };
      "OBJ_28" = {
         isa = "PBXGroup";
         children = (
            "OBJ_29",
            "OBJ_36",
            "OBJ_39"
         );
         name = "Actions 1.2.1";
         path = "";
         sourceTree = "SOURCE_ROOT";
      };
      "OBJ_29" = {
         isa = "PBXGroup";
         children = (
            "OBJ_30",
            "OBJ_31",
            "OBJ_32",
            "OBJ_33",
            "OBJ_34",
            "OBJ_35"
         );
         name = "Actions";
         path = ".build/checkouts/Actions--7363203882094921479/Sources/Actions";
         sourceTree = "SOURCE_ROOT";
      };
      "OBJ_3" = {
         isa = "XCBuildConfiguration";
         buildSettings = {
            CLANG_ENABLE_OBJC_ARC = "YES";
            COMBINE_HIDPI_IMAGES = "YES";
            COPY_PHASE_STRIP = "NO";
            DEBUG_INFORMATION_FORMAT = "dwarf";
            DYLIB_INSTALL_NAME_BASE = "@rpath";
            ENABLE_NS_ASSERTIONS = "YES";
            GCC_OPTIMIZATION_LEVEL = "0";
            GCC_PREPROCESSOR_DEFINITIONS = (
               "DEBUG=1",
               "$(inherited)"
            );
            MACOSX_DEPLOYMENT_TARGET = "10.10";
            ONLY_ACTIVE_ARCH = "YES";
            OTHER_SWIFT_FLAGS = (
               "-DXcode"
            );
            PRODUCT_NAME = "$(TARGET_NAME)";
            SDKROOT = "macosx";
            SUPPORTED_PLATFORMS = (
               "macosx",
               "iphoneos",
               "iphonesimulator",
               "appletvos",
               "appletvsimulator",
               "watchos",
               "watchsimulator"
            );
            SWIFT_ACTIVE_COMPILATION_CONDITIONS = (
               "SWIFT_PACKAGE",
               "DEBUG"
            );
            SWIFT_OPTIMIZATION_LEVEL = "-Onone";
            USE_HEADERMAP = "NO";
         };
         name = "Debug";
      };
      "OBJ_30" = {
         isa = "PBXFileReference";
         path = "Action.swift";
         sourceTree = "<group>";
      };
      "OBJ_31" = {
         isa = "PBXFileReference";
         path = "ActionContext.swift";
         sourceTree = "<group>";
      };
      "OBJ_32" = {
         isa = "PBXFileReference";
         path = "ActionIdentification.swift";
         sourceTree = "<group>";
      };
      "OBJ_33" = {
         isa = "PBXFileReference";
         path = "ActionInfo.swift";
         sourceTree = "<group>";
      };
      "OBJ_34" = {
         isa = "PBXFileReference";
         path = "ActionManager.swift";
         sourceTree = "<group>";
      };
      "OBJ_35" = {
         isa = "PBXFileReference";
         path = "DelegatedAction.swift";
         sourceTree = "<group>";
      };
      "OBJ_36" = {
         isa = "PBXGroup";
         children = (
            "OBJ_37",
            "OBJ_38"
         );
         name = "ActionsKit";
         path = ".build/checkouts/Actions--7363203882094921479/Sources/ActionsKit";
         sourceTree = "SOURCE_ROOT";
      };
      "OBJ_37" = {
         isa = "PBXFileReference";
         path = "ActionManagerMac.swift";
         sourceTree = "<group>";
      };
      "OBJ_38" = {
         isa = "PBXFileReference";
         path = "ActionManagerMobile.swift";
         sourceTree = "<group>";
      };
      "OBJ_39" = {
         isa = "PBXFileReference";
         explicitFileType = "sourcecode.swift";
         name = "Package.swift";
         path = "/Users/sam/Projects/Bookish/Dependencies/BookishModel/.build/checkouts/Actions--7363203882094921479/Package.swift";
         sourceTree = "<group>";
      };
      "OBJ_4" = {
         isa = "XCBuildConfiguration";
         buildSettings = {
            CLANG_ENABLE_OBJC_ARC = "YES";
            COMBINE_HIDPI_IMAGES = "YES";
            COPY_PHASE_STRIP = "YES";
            DEBUG_INFORMATION_FORMAT = "dwarf-with-dsym";
            DYLIB_INSTALL_NAME_BASE = "@rpath";
            GCC_OPTIMIZATION_LEVEL = "s";
            MACOSX_DEPLOYMENT_TARGET = "10.10";
            OTHER_SWIFT_FLAGS = (
               "-DXcode"
            );
            PRODUCT_NAME = "$(TARGET_NAME)";
            SDKROOT = "macosx";
            SUPPORTED_PLATFORMS = (
               "macosx",
               "iphoneos",
               "iphonesimulator",
               "appletvos",
               "appletvsimulator",
               "watchos",
               "watchsimulator"
            );
            SWIFT_ACTIVE_COMPILATION_CONDITIONS = (
               "SWIFT_PACKAGE"
            );
            SWIFT_OPTIMIZATION_LEVEL = "-Owholemodule";
            USE_HEADERMAP = "NO";
         };
         name = "Release";
      };
      "OBJ_40" = {
         isa = "PBXGroup";
         children = (
            "OBJ_41",
            "OBJ_43",
            "OBJ_44",
            "OBJ_46",
            "OBJ_54"
         );
         name = "Logger 1.2.2";
         path = "";
         sourceTree = "SOURCE_ROOT";
      };
      "OBJ_41" = {
         isa = "PBXGroup";
         children = (
            "OBJ_42"
         );
         name = "LoggerTestSupport";
         path = ".build/checkouts/Logger--2906882919390226356/Sources/LoggerTestSupport";
         sourceTree = "SOURCE_ROOT";
      };
      "OBJ_42" = {
         isa = "PBXFileReference";
         path = "XCTest+Logger.swift";
         sourceTree = "<group>";
      };
      "OBJ_43" = {
         isa = "PBXGroup";
         children = (
         );
         name = "Example";
         path = ".build/checkouts/Logger--2906882919390226356/Sources/Example";
         sourceTree = "SOURCE_ROOT";
      };
      "OBJ_44" = {
         isa = "PBXGroup";
         children = (
            "OBJ_45"
         );
         name = "LoggerKit";
         path = ".build/checkouts/Logger--2906882919390226356/Sources/LoggerKit";
         sourceTree = "SOURCE_ROOT";
      };
      "OBJ_45" = {
         isa = "PBXFileReference";
         path = "LoggerMenu.swift";
         sourceTree = "<group>";
      };
      "OBJ_46" = {
         isa = "PBXGroup";
         children = (
            "OBJ_47",
            "OBJ_48",
            "OBJ_49",
            "OBJ_50",
            "OBJ_51",
            "OBJ_52",
            "OBJ_53"
         );
         name = "Logger";
         path = ".build/checkouts/Logger--2906882919390226356/Sources/Logger";
         sourceTree = "SOURCE_ROOT";
      };
      "OBJ_47" = {
         isa = "PBXFileReference";
         path = "Context.swift";
         sourceTree = "<group>";
      };
      "OBJ_48" = {
         isa = "PBXFileReference";
         path = "Handler.swift";
         sourceTree = "<group>";
      };
      "OBJ_49" = {
         isa = "PBXFileReference";
         path = "Logger.swift";
         sourceTree = "<group>";
      };
      "OBJ_5" = {
         isa = "PBXGroup";
         children = (
            "OBJ_6",
            "OBJ_7",
            "OBJ_9",
            "OBJ_17",
            "OBJ_20",
            "OBJ_21",
            "OBJ_22",
            "OBJ_23",
            "OBJ_55"
         );
         path = "";
         sourceTree = "<group>";
      };
      "OBJ_50" = {
         isa = "PBXFileReference";
         path = "Manager.swift";
         sourceTree = "<group>";
      };
      "OBJ_51" = {
         isa = "PBXFileReference";
         path = "NSLogHandler.swift";
         sourceTree = "<group>";
      };
      "OBJ_52" = {
         isa = "PBXFileReference";
         path = "OSLogHandler.swift";
         sourceTree = "<group>";
      };
      "OBJ_53" = {
         isa = "PBXFileReference";
         path = "PrintHandler.swift";
         sourceTree = "<group>";
      };
      "OBJ_54" = {
         isa = "PBXFileReference";
         explicitFileType = "sourcecode.swift";
         name = "Package.swift";
         path = "/Users/sam/Projects/Bookish/Dependencies/BookishModel/.build/checkouts/Logger--2906882919390226356/Package.swift";
         sourceTree = "<group>";
      };
      "OBJ_55" = {
         isa = "PBXGroup";
         children = (
            "Logger::LoggerTestSupport::Product",
            "BookishCoreMobile::BookishCoreTests::Product",
            "Logger::LoggerKit::Product",
            "BookishCoreMobile::BookishCoreMac::Product",
            "BookishCoreMobile::BookishCore::Product",
            "Logger::Logger::Product",
            "Actions::ActionsKit::Product",
            "JSONDump::JSONDump::Product",
            "BookishCoreMobile::BookishCoreMobile::Product",
            "Actions::Actions::Product"
         );
         name = "Products";
         path = "";
         sourceTree = "BUILT_PRODUCTS_DIR";
      };
      "OBJ_6" = {
         isa = "PBXFileReference";
         explicitFileType = "sourcecode.swift";
         path = "Package.swift";
         sourceTree = "<group>";
      };
      "OBJ_67" = {
         isa = "XCConfigurationList";
         buildConfigurations = (
            "OBJ_68",
            "OBJ_69"
         );
         defaultConfigurationIsVisible = "0";
         defaultConfigurationName = "Release";
      };
      "OBJ_68" = {
         isa = "XCBuildConfiguration";
         baseConfigurationReference = "OBJ_8";
         buildSettings = {
            ENABLE_TESTABILITY = "YES";
            FRAMEWORK_SEARCH_PATHS = (
               "$(inherited)",
               "$(PLATFORM_DIR)/Developer/Library/Frameworks"
            );
            HEADER_SEARCH_PATHS = (
               "$(inherited)"
            );
            INFOPLIST_FILE = "Dependencies/BookishCoreMobile.xcodeproj/Actions_Info.plist";
            LD_RUNPATH_SEARCH_PATHS = (
               "$(inherited)",
               "$(TOOLCHAIN_DIR)/usr/lib/swift/macosx"
            );
            OTHER_CFLAGS = (
               "$(inherited)"
            );
            OTHER_LDFLAGS = (
               "$(inherited)"
            );
            OTHER_SWIFT_FLAGS = (
               "$(inherited)"
            );
            PRODUCT_BUNDLE_IDENTIFIER = "Actions";
            PRODUCT_MODULE_NAME = "$(TARGET_NAME:c99extidentifier)";
            PRODUCT_NAME = "$(TARGET_NAME:c99extidentifier)";
            SKIP_INSTALL = "YES";
            SWIFT_ACTIVE_COMPILATION_CONDITIONS = (
               "$(inherited)"
            );
            SWIFT_VERSION = "4.2";
            TARGET_NAME = "Actions";
         };
         name = "Debug";
      };
      "OBJ_69" = {
         isa = "XCBuildConfiguration";
         baseConfigurationReference = "OBJ_8";
         buildSettings = {
            ENABLE_TESTABILITY = "YES";
            FRAMEWORK_SEARCH_PATHS = (
               "$(inherited)",
               "$(PLATFORM_DIR)/Developer/Library/Frameworks"
            );
            HEADER_SEARCH_PATHS = (
               "$(inherited)"
            );
            INFOPLIST_FILE = "Dependencies/BookishCoreMobile.xcodeproj/Actions_Info.plist";
            LD_RUNPATH_SEARCH_PATHS = (
               "$(inherited)",
               "$(TOOLCHAIN_DIR)/usr/lib/swift/macosx"
            );
            OTHER_CFLAGS = (
               "$(inherited)"
            );
            OTHER_LDFLAGS = (
               "$(inherited)"
            );
            OTHER_SWIFT_FLAGS = (
               "$(inherited)"
            );
            PRODUCT_BUNDLE_IDENTIFIER = "Actions";
            PRODUCT_MODULE_NAME = "$(TARGET_NAME:c99extidentifier)";
            PRODUCT_NAME = "$(TARGET_NAME:c99extidentifier)";
            SKIP_INSTALL = "YES";
            SWIFT_ACTIVE_COMPILATION_CONDITIONS = (
               "$(inherited)"
            );
            SWIFT_VERSION = "4.2";
            TARGET_NAME = "Actions";
         };
         name = "Release";
      };
      "OBJ_7" = {
         isa = "PBXGroup";
         children = (
            "OBJ_8"
         );
         name = "Configs";
         path = "";
         sourceTree = "<group>";
      };
      "OBJ_70" = {
         isa = "PBXSourcesBuildPhase";
         files = (
            "OBJ_71",
            "OBJ_72",
            "OBJ_73",
            "OBJ_74",
            "OBJ_75",
            "OBJ_76"
         );
      };
      "OBJ_71" = {
         isa = "PBXBuildFile";
         fileRef = "OBJ_30";
      };
      "OBJ_72" = {
         isa = "PBXBuildFile";
         fileRef = "OBJ_31";
      };
      "OBJ_73" = {
         isa = "PBXBuildFile";
         fileRef = "OBJ_32";
      };
      "OBJ_74" = {
         isa = "PBXBuildFile";
         fileRef = "OBJ_33";
      };
      "OBJ_75" = {
         isa = "PBXBuildFile";
         fileRef = "OBJ_34";
      };
      "OBJ_76" = {
         isa = "PBXBuildFile";
         fileRef = "OBJ_35";
      };
      "OBJ_77" = {
         isa = "PBXFrameworksBuildPhase";
         files = (
            "OBJ_78"
         );
      };
      "OBJ_78" = {
         isa = "PBXBuildFile";
         fileRef = "Logger::Logger::Product";
      };
      "OBJ_79" = {
         isa = "PBXTargetDependency";
         target = "Logger::Logger";
      };
      "OBJ_8" = {
         isa = "PBXFileReference";
         name = "BookishModelMobile.xcconfig";
         path = "Configs/BookishModelMobile.xcconfig";
         sourceTree = "<group>";
      };
      "OBJ_82" = {
         isa = "XCConfigurationList";
         buildConfigurations = (
            "OBJ_83",
            "OBJ_84"
         );
         defaultConfigurationIsVisible = "0";
         defaultConfigurationName = "Release";
      };
      "OBJ_83" = {
         isa = "XCBuildConfiguration";
         baseConfigurationReference = "OBJ_8";
         buildSettings = {
            ENABLE_TESTABILITY = "YES";
            FRAMEWORK_SEARCH_PATHS = (
               "$(inherited)",
               "$(PLATFORM_DIR)/Developer/Library/Frameworks"
            );
            HEADER_SEARCH_PATHS = (
               "$(inherited)"
            );
            INFOPLIST_FILE = "Dependencies/BookishCoreMobile.xcodeproj/ActionsKit_Info.plist";
            LD_RUNPATH_SEARCH_PATHS = (
               "$(inherited)",
               "$(TOOLCHAIN_DIR)/usr/lib/swift/macosx"
            );
            OTHER_CFLAGS = (
               "$(inherited)"
            );
            OTHER_LDFLAGS = (
               "$(inherited)"
            );
            OTHER_SWIFT_FLAGS = (
               "$(inherited)"
            );
            PRODUCT_BUNDLE_IDENTIFIER = "ActionsKit";
            PRODUCT_MODULE_NAME = "$(TARGET_NAME:c99extidentifier)";
            PRODUCT_NAME = "$(TARGET_NAME:c99extidentifier)";
            SKIP_INSTALL = "YES";
            SWIFT_ACTIVE_COMPILATION_CONDITIONS = (
               "$(inherited)"
            );
            SWIFT_VERSION = "4.2";
            TARGET_NAME = "ActionsKit";
         };
         name = "Debug";
      };
      "OBJ_84" = {
         isa = "XCBuildConfiguration";
         baseConfigurationReference = "OBJ_8";
         buildSettings = {
            ENABLE_TESTABILITY = "YES";
            FRAMEWORK_SEARCH_PATHS = (
               "$(inherited)",
               "$(PLATFORM_DIR)/Developer/Library/Frameworks"
            );
            HEADER_SEARCH_PATHS = (
               "$(inherited)"
            );
            INFOPLIST_FILE = "Dependencies/BookishCoreMobile.xcodeproj/ActionsKit_Info.plist";
            LD_RUNPATH_SEARCH_PATHS = (
               "$(inherited)",
               "$(TOOLCHAIN_DIR)/usr/lib/swift/macosx"
            );
            OTHER_CFLAGS = (
               "$(inherited)"
            );
            OTHER_LDFLAGS = (
               "$(inherited)"
            );
            OTHER_SWIFT_FLAGS = (
               "$(inherited)"
            );
            PRODUCT_BUNDLE_IDENTIFIER = "ActionsKit";
            PRODUCT_MODULE_NAME = "$(TARGET_NAME:c99extidentifier)";
            PRODUCT_NAME = "$(TARGET_NAME:c99extidentifier)";
            SKIP_INSTALL = "YES";
            SWIFT_ACTIVE_COMPILATION_CONDITIONS = (
               "$(inherited)"
            );
            SWIFT_VERSION = "4.2";
            TARGET_NAME = "ActionsKit";
         };
         name = "Release";
      };
      "OBJ_85" = {
         isa = "PBXSourcesBuildPhase";
         files = (
            "OBJ_86",
            "OBJ_87"
         );
      };
      "OBJ_86" = {
         isa = "PBXBuildFile";
         fileRef = "OBJ_37";
      };
      "OBJ_87" = {
         isa = "PBXBuildFile";
         fileRef = "OBJ_38";
      };
      "OBJ_88" = {
         isa = "PBXFrameworksBuildPhase";
         files = (
            "OBJ_89",
            "OBJ_90"
         );
      };
      "OBJ_89" = {
         isa = "PBXBuildFile";
         fileRef = "Actions::Actions::Product";
      };
      "OBJ_9" = {
         isa = "PBXGroup";
         children = (
            "OBJ_10",
            "OBJ_12",
            "OBJ_14"
         );
         name = "Sources";
         path = "";
         sourceTree = "SOURCE_ROOT";
      };
      "OBJ_90" = {
         isa = "PBXBuildFile";
         fileRef = "Logger::Logger::Product";
      };
      "OBJ_91" = {
         isa = "PBXTargetDependency";
         target = "Actions::Actions";
      };
      "OBJ_92" = {
         isa = "PBXTargetDependency";
         target = "Logger::Logger";
      };
      "OBJ_94" = {
         isa = "XCConfigurationList";
         buildConfigurations = (
            "OBJ_95",
            "OBJ_96"
         );
         defaultConfigurationIsVisible = "0";
         defaultConfigurationName = "Release";
      };
      "OBJ_95" = {
         isa = "XCBuildConfiguration";
         buildSettings = {
            LD = "/usr/bin/true";
            OTHER_SWIFT_FLAGS = (
               "-swift-version",
               "4.2",
               "-I",
               "$(TOOLCHAIN_DIR)/usr/lib/swift/pm/4_2",
               "-target",
               "x86_64-apple-macosx10.10",
               "-sdk",
               "/Applications/Xcode10.1.app/Contents/Developer/Platforms/MacOSX.platform/Developer/SDKs/MacOSX10.14.sdk"
            );
            SWIFT_VERSION = "4.2";
         };
         name = "Debug";
      };
      "OBJ_96" = {
         isa = "XCBuildConfiguration";
         buildSettings = {
            LD = "/usr/bin/true";
            OTHER_SWIFT_FLAGS = (
               "-swift-version",
               "4.2",
               "-I",
               "$(TOOLCHAIN_DIR)/usr/lib/swift/pm/4_2",
               "-target",
               "x86_64-apple-macosx10.10",
               "-sdk",
               "/Applications/Xcode10.1.app/Contents/Developer/Platforms/MacOSX.platform/Developer/SDKs/MacOSX10.14.sdk"
            );
            SWIFT_VERSION = "4.2";
         };
         name = "Release";
      };
      "OBJ_97" = {
         isa = "PBXSourcesBuildPhase";
         files = (
            "OBJ_98"
         );
      };
      "OBJ_98" = {
         isa = "PBXBuildFile";
         fileRef = "OBJ_39";
      };
   };
   rootObject = "OBJ_1";
}
