{
  "object": {
    "pins": [
      {
        "package": "CommandShell",
        "repositoryURL": "https://github.com/elegantchaos/CommandShell",
        "state": {
          "branch": null,
          "revision": "212543ca193879978d2184115ba47f6ee4506b1b",
          "version": "1.0.3"
        }
      },
      {
        "package": "Coverage",
        "repositoryURL": "https://github.com/elegantchaos/Coverage",
        "state": {
          "branch": null,
          "revision": "fea0b8640a30b22cdf87ae9a722c6bbbf4e608a6",
          "version": "1.0.4"
        }
      },
      {
        "package": "Docopt",
        "repositoryURL": "https://github.com/elegantchaos/docopt.swift",
        "state": {
          "branch": null,
          "revision": "a236953ec13b4c2c54a4450110973d9ff9db7711",
          "version": "0.6.10"
        }
      },
      {
        "package": "Expressions",
        "repositoryURL": "https://github.com/elegantchaos/Expressions",
        "state": {
          "branch": "bookish",
          "revision": "0602ed5ecf50e470ab5067d28f0c07e9340380ba",
          "version": null
        }
      },
      {
        "package": "JSONDump",
        "repositoryURL": "https://github.com/elegantchaos/JSONDump",
        "state": {
          "branch": null,
          "revision": "0743e45cc8c57550136df4cc0e1d1d332a9da494",
          "version": "1.0.4"
        }
      },
      {
        "package": "ReleaseTools",
        "repositoryURL": "https://github.com/elegantchaos/ReleaseTools",
        "state": {
          "branch": "bookish",
          "revision": "55bcde1511cf4197e7054858ba2bbc11f407a4bc",
          "version": null
        }
      }
    ]
  },
  "version": 1
}
