// !$*UTF8*$!
{
	archiveVersion = 1;
	classes = {
	};
	objectVersion = 46;
	objects = {

/* Begin PBXAggregateTarget section */
		"BookishCoreMac::BookishCoreMacPackageTests::ProductTarget" /* BookishCoreMacPackageTests */ = {
			isa = PBXAggregateTarget;
			buildConfigurationList = OBJ_156 /* Build configuration list for PBXAggregateTarget "BookishCoreMacPackageTests" */;
			buildPhases = (
			);
			dependencies = (
				OBJ_159 /* PBXTargetDependency */,
			);
			name = BookishCoreMacPackageTests;
			productName = BookishCoreMacPackageTests;
		};
/* End PBXAggregateTarget section */

/* Begin PBXBuildFile section */
		OBJ_100 /* Logger.framework in Frameworks */ = {isa = PBXBuildFile; fileRef = "Logger::Logger::Product" /* Logger.framework */; };
		OBJ_108 /* Package.swift in Sources */ = {isa = PBXBuildFile; fileRef = OBJ_39 /* Package.swift */; };
		OBJ_114 /* BookishCore.swift in Sources */ = {isa = PBXBuildFile; fileRef = OBJ_11 /* BookishCore.swift */; };
		OBJ_115 /* CloudManager.swift in Sources */ = {isa = PBXBuildFile; fileRef = OBJ_12 /* CloudManager.swift */; };
		OBJ_116 /* ImageCache.swift in Sources */ = {isa = PBXBuildFile; fileRef = OBJ_13 /* ImageCache.swift */; };
		OBJ_118 /* JSONDump.framework in Frameworks */ = {isa = PBXBuildFile; fileRef = "JSONDump::JSONDump::Product" /* JSONDump.framework */; };
		OBJ_119 /* ActionsKit.framework in Frameworks */ = {isa = PBXBuildFile; fileRef = "Actions::ActionsKit::Product" /* ActionsKit.framework */; };
		OBJ_120 /* Actions.framework in Frameworks */ = {isa = PBXBuildFile; fileRef = "Actions::Actions::Product" /* Actions.framework */; };
		OBJ_121 /* LoggerKit.framework in Frameworks */ = {isa = PBXBuildFile; fileRef = "Logger::LoggerKit::Product" /* LoggerKit.framework */; };
		OBJ_122 /* Logger.framework in Frameworks */ = {isa = PBXBuildFile; fileRef = "Logger::Logger::Product" /* Logger.framework */; };
		OBJ_135 /* main.swift in Sources */ = {isa = PBXBuildFile; fileRef = OBJ_15 /* main.swift */; };
		OBJ_137 /* BookishCore.framework in Frameworks */ = {isa = PBXBuildFile; fileRef = "BookishCoreMac::BookishCore::Product" /* BookishCore.framework */; };
		OBJ_138 /* JSONDump.framework in Frameworks */ = {isa = PBXBuildFile; fileRef = "JSONDump::JSONDump::Product" /* JSONDump.framework */; };
		OBJ_139 /* ActionsKit.framework in Frameworks */ = {isa = PBXBuildFile; fileRef = "Actions::ActionsKit::Product" /* ActionsKit.framework */; };
		OBJ_140 /* Actions.framework in Frameworks */ = {isa = PBXBuildFile; fileRef = "Actions::Actions::Product" /* Actions.framework */; };
		OBJ_141 /* LoggerKit.framework in Frameworks */ = {isa = PBXBuildFile; fileRef = "Logger::LoggerKit::Product" /* LoggerKit.framework */; };
		OBJ_142 /* Logger.framework in Frameworks */ = {isa = PBXBuildFile; fileRef = "Logger::Logger::Product" /* Logger.framework */; };
		OBJ_154 /* Package.swift in Sources */ = {isa = PBXBuildFile; fileRef = OBJ_6 /* Package.swift */; };
		OBJ_166 /* main.swift in Sources */ = {isa = PBXBuildFile; fileRef = OBJ_17 /* main.swift */; };
		OBJ_168 /* BookishCore.framework in Frameworks */ = {isa = PBXBuildFile; fileRef = "BookishCoreMac::BookishCore::Product" /* BookishCore.framework */; };
		OBJ_169 /* JSONDump.framework in Frameworks */ = {isa = PBXBuildFile; fileRef = "JSONDump::JSONDump::Product" /* JSONDump.framework */; };
		OBJ_170 /* ActionsKit.framework in Frameworks */ = {isa = PBXBuildFile; fileRef = "Actions::ActionsKit::Product" /* ActionsKit.framework */; };
		OBJ_171 /* Actions.framework in Frameworks */ = {isa = PBXBuildFile; fileRef = "Actions::Actions::Product" /* Actions.framework */; };
		OBJ_172 /* LoggerKit.framework in Frameworks */ = {isa = PBXBuildFile; fileRef = "Logger::LoggerKit::Product" /* LoggerKit.framework */; };
		OBJ_173 /* Logger.framework in Frameworks */ = {isa = PBXBuildFile; fileRef = "Logger::Logger::Product" /* Logger.framework */; };
		OBJ_184 /* BookishCoreTests.swift in Sources */ = {isa = PBXBuildFile; fileRef = OBJ_20 /* BookishCoreTests.swift */; };
		OBJ_186 /* LoggerTestSupport.framework in Frameworks */ = {isa = PBXBuildFile; fileRef = "Logger::LoggerTestSupport::Product" /* LoggerTestSupport.framework */; };
		OBJ_187 /* BookishCore.framework in Frameworks */ = {isa = PBXBuildFile; fileRef = "BookishCoreMac::BookishCore::Product" /* BookishCore.framework */; };
		OBJ_188 /* JSONDump.framework in Frameworks */ = {isa = PBXBuildFile; fileRef = "JSONDump::JSONDump::Product" /* JSONDump.framework */; };
		OBJ_189 /* ActionsKit.framework in Frameworks */ = {isa = PBXBuildFile; fileRef = "Actions::ActionsKit::Product" /* ActionsKit.framework */; };
		OBJ_190 /* Actions.framework in Frameworks */ = {isa = PBXBuildFile; fileRef = "Actions::Actions::Product" /* Actions.framework */; };
		OBJ_191 /* LoggerKit.framework in Frameworks */ = {isa = PBXBuildFile; fileRef = "Logger::LoggerKit::Product" /* LoggerKit.framework */; };
		OBJ_192 /* Logger.framework in Frameworks */ = {isa = PBXBuildFile; fileRef = "Logger::Logger::Product" /* Logger.framework */; };
		OBJ_205 /* JSONDump.swift in Sources */ = {isa = PBXBuildFile; fileRef = OBJ_24 /* JSONDump.swift */; };
		OBJ_212 /* Package.swift in Sources */ = {isa = PBXBuildFile; fileRef = OBJ_25 /* Package.swift */; };
		OBJ_217 /* Channel.swift in Sources */ = {isa = PBXBuildFile; fileRef = OBJ_43 /* Channel.swift */; };
		OBJ_218 /* Context.swift in Sources */ = {isa = PBXBuildFile; fileRef = OBJ_44 /* Context.swift */; };
		OBJ_219 /* Handler.swift in Sources */ = {isa = PBXBuildFile; fileRef = OBJ_45 /* Handler.swift */; };
		OBJ_220 /* Manager.swift in Sources */ = {isa = PBXBuildFile; fileRef = OBJ_46 /* Manager.swift */; };
		OBJ_221 /* NSLogHandler.swift in Sources */ = {isa = PBXBuildFile; fileRef = OBJ_47 /* NSLogHandler.swift */; };
		OBJ_222 /* OSLogHandler.swift in Sources */ = {isa = PBXBuildFile; fileRef = OBJ_48 /* OSLogHandler.swift */; };
		OBJ_223 /* PrintHandler.swift in Sources */ = {isa = PBXBuildFile; fileRef = OBJ_49 /* PrintHandler.swift */; };
		OBJ_229 /* LoggerMenu.swift in Sources */ = {isa = PBXBuildFile; fileRef = OBJ_51 /* LoggerMenu.swift */; };
		OBJ_230 /* LoggerSettingsView.swift in Sources */ = {isa = PBXBuildFile; fileRef = OBJ_52 /* LoggerSettingsView.swift */; };
		OBJ_232 /* Logger.framework in Frameworks */ = {isa = PBXBuildFile; fileRef = "Logger::Logger::Product" /* Logger.framework */; };
		OBJ_239 /* Package.swift in Sources */ = {isa = PBXBuildFile; fileRef = OBJ_55 /* Package.swift */; };
		OBJ_244 /* XCTest+Logger.swift in Sources */ = {isa = PBXBuildFile; fileRef = OBJ_54 /* XCTest+Logger.swift */; };
		OBJ_246 /* Logger.framework in Frameworks */ = {isa = PBXBuildFile; fileRef = "Logger::Logger::Product" /* Logger.framework */; };
		OBJ_79 /* Action.swift in Sources */ = {isa = PBXBuildFile; fileRef = OBJ_28 /* Action.swift */; };
		OBJ_80 /* ActionContext.swift in Sources */ = {isa = PBXBuildFile; fileRef = OBJ_29 /* ActionContext.swift */; };
		OBJ_81 /* ActionIdentification.swift in Sources */ = {isa = PBXBuildFile; fileRef = OBJ_30 /* ActionIdentification.swift */; };
		OBJ_82 /* ActionInfo.swift in Sources */ = {isa = PBXBuildFile; fileRef = OBJ_31 /* ActionInfo.swift */; };
		OBJ_83 /* ActionManager.swift in Sources */ = {isa = PBXBuildFile; fileRef = OBJ_32 /* ActionManager.swift */; };
		OBJ_84 /* ActionNotification.swift in Sources */ = {isa = PBXBuildFile; fileRef = OBJ_33 /* ActionNotification.swift */; };
		OBJ_85 /* ActionSerialisation.swift in Sources */ = {isa = PBXBuildFile; fileRef = OBJ_34 /* ActionSerialisation.swift */; };
		OBJ_86 /* DelegatedAction.swift in Sources */ = {isa = PBXBuildFile; fileRef = OBJ_35 /* DelegatedAction.swift */; };
		OBJ_88 /* Logger.framework in Frameworks */ = {isa = PBXBuildFile; fileRef = "Logger::Logger::Product" /* Logger.framework */; };
		OBJ_96 /* ActionManagerMac.swift in Sources */ = {isa = PBXBuildFile; fileRef = OBJ_37 /* ActionManagerMac.swift */; };
		OBJ_97 /* ActionManagerMobile.swift in Sources */ = {isa = PBXBuildFile; fileRef = OBJ_38 /* ActionManagerMobile.swift */; };
		OBJ_99 /* Actions.framework in Frameworks */ = {isa = PBXBuildFile; fileRef = "Actions::Actions::Product" /* Actions.framework */; };
/* End PBXBuildFile section */

/* Begin PBXContainerItemProxy section */
		22BE78A9225239A9002EADD7 /* PBXContainerItemProxy */ = {
			isa = PBXContainerItemProxy;
			containerPortal = OBJ_1 /* Project object */;
			proxyType = 1;
			remoteGlobalIDString = "BookishCoreMac::BookishCore";
			remoteInfo = BookishCore;
		};
		22BE78AA225239A9002EADD7 /* PBXContainerItemProxy */ = {
			isa = PBXContainerItemProxy;
			containerPortal = OBJ_1 /* Project object */;
			proxyType = 1;
			remoteGlobalIDString = "JSONDump::JSONDump";
			remoteInfo = JSONDump;
		};
		22BE78AB225239A9002EADD7 /* PBXContainerItemProxy */ = {
			isa = PBXContainerItemProxy;
			containerPortal = OBJ_1 /* Project object */;
			proxyType = 1;
			remoteGlobalIDString = "Actions::ActionsKit";
			remoteInfo = ActionsKit;
		};
		22BE78AC225239A9002EADD7 /* PBXContainerItemProxy */ = {
			isa = PBXContainerItemProxy;
			containerPortal = OBJ_1 /* Project object */;
			proxyType = 1;
			remoteGlobalIDString = "Actions::Actions";
			remoteInfo = Actions;
		};
		22BE78AD225239A9002EADD7 /* PBXContainerItemProxy */ = {
			isa = PBXContainerItemProxy;
			containerPortal = OBJ_1 /* Project object */;
			proxyType = 1;
			remoteGlobalIDString = "Logger::Logger";
			remoteInfo = Logger;
		};
		22BE78AE225239A9002EADD7 /* PBXContainerItemProxy */ = {
			isa = PBXContainerItemProxy;
			containerPortal = OBJ_1 /* Project object */;
			proxyType = 1;
			remoteGlobalIDString = "Logger::Logger";
			remoteInfo = Logger;
		};
		22BE78AF225239A9002EADD7 /* PBXContainerItemProxy */ = {
			isa = PBXContainerItemProxy;
			containerPortal = OBJ_1 /* Project object */;
			proxyType = 1;
			remoteGlobalIDString = "Actions::Actions";
			remoteInfo = Actions;
		};
		22BE78B0225239A9002EADD7 /* PBXContainerItemProxy */ = {
			isa = PBXContainerItemProxy;
			containerPortal = OBJ_1 /* Project object */;
			proxyType = 1;
			remoteGlobalIDString = "Logger::LoggerKit";
			remoteInfo = LoggerKit;
		};
		22BE78B1225239A9002EADD7 /* PBXContainerItemProxy */ = {
			isa = PBXContainerItemProxy;
			containerPortal = OBJ_1 /* Project object */;
			proxyType = 1;
			remoteGlobalIDString = "Logger::Logger";
			remoteInfo = Logger;
		};
		22BE78B2225239A9002EADD7 /* PBXContainerItemProxy */ = {
			isa = PBXContainerItemProxy;
			containerPortal = OBJ_1 /* Project object */;
			proxyType = 1;
			remoteGlobalIDString = "Logger::Logger";
			remoteInfo = Logger;
		};
		22BE78B3225239A9002EADD7 /* PBXContainerItemProxy */ = {
			isa = PBXContainerItemProxy;
			containerPortal = OBJ_1 /* Project object */;
			proxyType = 1;
			remoteGlobalIDString = "JSONDump::JSONDump";
			remoteInfo = JSONDump;
		};
		22BE78B4225239A9002EADD7 /* PBXContainerItemProxy */ = {
			isa = PBXContainerItemProxy;
			containerPortal = OBJ_1 /* Project object */;
			proxyType = 1;
			remoteGlobalIDString = "Actions::ActionsKit";
			remoteInfo = ActionsKit;
		};
		22BE78B5225239A9002EADD7 /* PBXContainerItemProxy */ = {
			isa = PBXContainerItemProxy;
			containerPortal = OBJ_1 /* Project object */;
			proxyType = 1;
			remoteGlobalIDString = "Actions::Actions";
			remoteInfo = Actions;
		};
		22BE78B6225239A9002EADD7 /* PBXContainerItemProxy */ = {
			isa = PBXContainerItemProxy;
			containerPortal = OBJ_1 /* Project object */;
			proxyType = 1;
			remoteGlobalIDString = "Logger::LoggerKit";
			remoteInfo = LoggerKit;
		};
		22BE78B7225239A9002EADD7 /* PBXContainerItemProxy */ = {
			isa = PBXContainerItemProxy;
			containerPortal = OBJ_1 /* Project object */;
			proxyType = 1;
			remoteGlobalIDString = "Logger::Logger";
			remoteInfo = Logger;
		};
		22BE78B8225239A9002EADD7 /* PBXContainerItemProxy */ = {
			isa = PBXContainerItemProxy;
			containerPortal = OBJ_1 /* Project object */;
			proxyType = 1;
			remoteGlobalIDString = "BookishCoreMac::BookishCore";
			remoteInfo = BookishCore;
		};
		22BE78B9225239A9002EADD7 /* PBXContainerItemProxy */ = {
			isa = PBXContainerItemProxy;
			containerPortal = OBJ_1 /* Project object */;
			proxyType = 1;
			remoteGlobalIDString = "JSONDump::JSONDump";
			remoteInfo = JSONDump;
		};
		22BE78BA225239A9002EADD7 /* PBXContainerItemProxy */ = {
			isa = PBXContainerItemProxy;
			containerPortal = OBJ_1 /* Project object */;
			proxyType = 1;
			remoteGlobalIDString = "Actions::ActionsKit";
			remoteInfo = ActionsKit;
		};
		22BE78BB225239A9002EADD7 /* PBXContainerItemProxy */ = {
			isa = PBXContainerItemProxy;
			containerPortal = OBJ_1 /* Project object */;
			proxyType = 1;
			remoteGlobalIDString = "Actions::Actions";
			remoteInfo = Actions;
		};
		22BE78BC225239A9002EADD7 /* PBXContainerItemProxy */ = {
			isa = PBXContainerItemProxy;
			containerPortal = OBJ_1 /* Project object */;
			proxyType = 1;
			remoteGlobalIDString = "Logger::LoggerKit";
			remoteInfo = LoggerKit;
		};
		22BE78BD225239A9002EADD7 /* PBXContainerItemProxy */ = {
			isa = PBXContainerItemProxy;
			containerPortal = OBJ_1 /* Project object */;
			proxyType = 1;
			remoteGlobalIDString = "Logger::Logger";
			remoteInfo = Logger;
		};
		22BE78BE225239A9002EADD7 /* PBXContainerItemProxy */ = {
			isa = PBXContainerItemProxy;
			containerPortal = OBJ_1 /* Project object */;
			proxyType = 1;
			remoteGlobalIDString = "Logger::LoggerTestSupport";
			remoteInfo = LoggerTestSupport;
		};
		22BE78BF225239A9002EADD7 /* PBXContainerItemProxy */ = {
			isa = PBXContainerItemProxy;
			containerPortal = OBJ_1 /* Project object */;
			proxyType = 1;
			remoteGlobalIDString = "Logger::Logger";
			remoteInfo = Logger;
		};
		22BE78C0225239A9002EADD7 /* PBXContainerItemProxy */ = {
			isa = PBXContainerItemProxy;
			containerPortal = OBJ_1 /* Project object */;
			proxyType = 1;
			remoteGlobalIDString = "BookishCoreMac::BookishCore";
			remoteInfo = BookishCore;
		};
		22BE78C1225239A9002EADD7 /* PBXContainerItemProxy */ = {
			isa = PBXContainerItemProxy;
			containerPortal = OBJ_1 /* Project object */;
			proxyType = 1;
			remoteGlobalIDString = "JSONDump::JSONDump";
			remoteInfo = JSONDump;
		};
		22BE78C2225239A9002EADD7 /* PBXContainerItemProxy */ = {
			isa = PBXContainerItemProxy;
			containerPortal = OBJ_1 /* Project object */;
			proxyType = 1;
			remoteGlobalIDString = "Actions::ActionsKit";
			remoteInfo = ActionsKit;
		};
		22BE78C3225239A9002EADD7 /* PBXContainerItemProxy */ = {
			isa = PBXContainerItemProxy;
			containerPortal = OBJ_1 /* Project object */;
			proxyType = 1;
			remoteGlobalIDString = "Actions::Actions";
			remoteInfo = Actions;
		};
		22BE78C4225239A9002EADD7 /* PBXContainerItemProxy */ = {
			isa = PBXContainerItemProxy;
			containerPortal = OBJ_1 /* Project object */;
			proxyType = 1;
			remoteGlobalIDString = "Logger::LoggerKit";
			remoteInfo = LoggerKit;
		};
		22BE78C5225239A9002EADD7 /* PBXContainerItemProxy */ = {
			isa = PBXContainerItemProxy;
			containerPortal = OBJ_1 /* Project object */;
			proxyType = 1;
			remoteGlobalIDString = "Logger::Logger";
			remoteInfo = Logger;
		};
		22BE78E4225239A9002EADD7 /* PBXContainerItemProxy */ = {
			isa = PBXContainerItemProxy;
			containerPortal = OBJ_1 /* Project object */;
			proxyType = 1;
			remoteGlobalIDString = "BookishCoreMac::BookishCoreTests";
			remoteInfo = BookishCoreTests;
		};
/* End PBXContainerItemProxy section */

/* Begin PBXFileReference section */
		"Actions::Actions::Product" /* Actions.framework */ = {isa = PBXFileReference; explicitFileType = wrapper.framework; path = Actions.framework; sourceTree = BUILT_PRODUCTS_DIR; };
		"Actions::ActionsKit::Product" /* ActionsKit.framework */ = {isa = PBXFileReference; explicitFileType = wrapper.framework; path = ActionsKit.framework; sourceTree = BUILT_PRODUCTS_DIR; };
		"BookishCoreMac::BookishCore::Product" /* BookishCore.framework */ = {isa = PBXFileReference; explicitFileType = wrapper.framework; path = BookishCore.framework; sourceTree = BUILT_PRODUCTS_DIR; };
		"BookishCoreMac::BookishCoreMac::Product" /* BookishCoreMac */ = {isa = PBXFileReference; explicitFileType = "compiled.mach-o.executable"; path = BookishCoreMac; sourceTree = BUILT_PRODUCTS_DIR; };
		"BookishCoreMac::BookishCoreMobile::Product" /* BookishCoreMobile */ = {isa = PBXFileReference; explicitFileType = "compiled.mach-o.executable"; path = BookishCoreMobile; sourceTree = BUILT_PRODUCTS_DIR; };
		"BookishCoreMac::BookishCoreTests::Product" /* BookishCoreTests.xctest */ = {isa = PBXFileReference; explicitFileType = wrapper.cfbundle; path = BookishCoreTests.xctest; sourceTree = BUILT_PRODUCTS_DIR; };
		"JSONDump::JSONDump::Product" /* JSONDump.framework */ = {isa = PBXFileReference; explicitFileType = wrapper.framework; path = JSONDump.framework; sourceTree = BUILT_PRODUCTS_DIR; };
		"Logger::Logger::Product" /* Logger.framework */ = {isa = PBXFileReference; explicitFileType = wrapper.framework; path = Logger.framework; sourceTree = BUILT_PRODUCTS_DIR; };
		"Logger::LoggerKit::Product" /* LoggerKit.framework */ = {isa = PBXFileReference; explicitFileType = wrapper.framework; path = LoggerKit.framework; sourceTree = BUILT_PRODUCTS_DIR; };
		"Logger::LoggerTestSupport::Product" /* LoggerTestSupport.framework */ = {isa = PBXFileReference; explicitFileType = wrapper.framework; path = LoggerTestSupport.framework; sourceTree = BUILT_PRODUCTS_DIR; };
		OBJ_11 /* BookishCore.swift */ = {isa = PBXFileReference; lastKnownFileType = sourcecode.swift; path = BookishCore.swift; sourceTree = "<group>"; };
		OBJ_12 /* CloudManager.swift */ = {isa = PBXFileReference; lastKnownFileType = sourcecode.swift; path = CloudManager.swift; sourceTree = "<group>"; };
		OBJ_13 /* ImageCache.swift */ = {isa = PBXFileReference; lastKnownFileType = sourcecode.swift; path = ImageCache.swift; sourceTree = "<group>"; };
		OBJ_15 /* main.swift */ = {isa = PBXFileReference; lastKnownFileType = sourcecode.swift; path = main.swift; sourceTree = "<group>"; };
		OBJ_17 /* main.swift */ = {isa = PBXFileReference; lastKnownFileType = sourcecode.swift; path = main.swift; sourceTree = "<group>"; };
		OBJ_20 /* BookishCoreTests.swift */ = {isa = PBXFileReference; lastKnownFileType = sourcecode.swift; path = BookishCoreTests.swift; sourceTree = "<group>"; };
		OBJ_24 /* JSONDump.swift */ = {isa = PBXFileReference; lastKnownFileType = sourcecode.swift; path = JSONDump.swift; sourceTree = "<group>"; };
		OBJ_25 /* Package.swift */ = {isa = PBXFileReference; explicitFileType = sourcecode.swift; name = Package.swift; path = /Users/sam/Projects/Bookish/Dependencies/BookishModel/.build/checkouts/JSONDump/Package.swift; sourceTree = "<group>"; };
		OBJ_28 /* Action.swift */ = {isa = PBXFileReference; lastKnownFileType = sourcecode.swift; path = Action.swift; sourceTree = "<group>"; };
		OBJ_29 /* ActionContext.swift */ = {isa = PBXFileReference; lastKnownFileType = sourcecode.swift; path = ActionContext.swift; sourceTree = "<group>"; };
		OBJ_30 /* ActionIdentification.swift */ = {isa = PBXFileReference; lastKnownFileType = sourcecode.swift; path = ActionIdentification.swift; sourceTree = "<group>"; };
		OBJ_31 /* ActionInfo.swift */ = {isa = PBXFileReference; lastKnownFileType = sourcecode.swift; path = ActionInfo.swift; sourceTree = "<group>"; };
		OBJ_32 /* ActionManager.swift */ = {isa = PBXFileReference; lastKnownFileType = sourcecode.swift; path = ActionManager.swift; sourceTree = "<group>"; };
		OBJ_33 /* ActionNotification.swift */ = {isa = PBXFileReference; lastKnownFileType = sourcecode.swift; path = ActionNotification.swift; sourceTree = "<group>"; };
		OBJ_34 /* ActionSerialisation.swift */ = {isa = PBXFileReference; lastKnownFileType = sourcecode.swift; path = ActionSerialisation.swift; sourceTree = "<group>"; };
		OBJ_35 /* DelegatedAction.swift */ = {isa = PBXFileReference; lastKnownFileType = sourcecode.swift; path = DelegatedAction.swift; sourceTree = "<group>"; };
		OBJ_37 /* ActionManagerMac.swift */ = {isa = PBXFileReference; lastKnownFileType = sourcecode.swift; path = ActionManagerMac.swift; sourceTree = "<group>"; };
		OBJ_38 /* ActionManagerMobile.swift */ = {isa = PBXFileReference; lastKnownFileType = sourcecode.swift; path = ActionManagerMobile.swift; sourceTree = "<group>"; };
		OBJ_39 /* Package.swift */ = {isa = PBXFileReference; explicitFileType = sourcecode.swift; name = Package.swift; path = /Users/sam/Projects/Bookish/Dependencies/BookishModel/Packages/Actions/Package.swift; sourceTree = "<group>"; };
		OBJ_43 /* Channel.swift */ = {isa = PBXFileReference; lastKnownFileType = sourcecode.swift; path = Channel.swift; sourceTree = "<group>"; };
		OBJ_44 /* Context.swift */ = {isa = PBXFileReference; lastKnownFileType = sourcecode.swift; path = Context.swift; sourceTree = "<group>"; };
		OBJ_45 /* Handler.swift */ = {isa = PBXFileReference; lastKnownFileType = sourcecode.swift; path = Handler.swift; sourceTree = "<group>"; };
		OBJ_46 /* Manager.swift */ = {isa = PBXFileReference; lastKnownFileType = sourcecode.swift; path = Manager.swift; sourceTree = "<group>"; };
		OBJ_47 /* NSLogHandler.swift */ = {isa = PBXFileReference; lastKnownFileType = sourcecode.swift; path = NSLogHandler.swift; sourceTree = "<group>"; };
		OBJ_48 /* OSLogHandler.swift */ = {isa = PBXFileReference; lastKnownFileType = sourcecode.swift; path = OSLogHandler.swift; sourceTree = "<group>"; };
		OBJ_49 /* PrintHandler.swift */ = {isa = PBXFileReference; lastKnownFileType = sourcecode.swift; path = PrintHandler.swift; sourceTree = "<group>"; };
		OBJ_51 /* LoggerMenu.swift */ = {isa = PBXFileReference; lastKnownFileType = sourcecode.swift; path = LoggerMenu.swift; sourceTree = "<group>"; };
		OBJ_52 /* LoggerSettingsView.swift */ = {isa = PBXFileReference; lastKnownFileType = sourcecode.swift; path = LoggerSettingsView.swift; sourceTree = "<group>"; };
		OBJ_54 /* XCTest+Logger.swift */ = {isa = PBXFileReference; lastKnownFileType = sourcecode.swift; path = "XCTest+Logger.swift"; sourceTree = "<group>"; };
		OBJ_55 /* Package.swift */ = {isa = PBXFileReference; explicitFileType = sourcecode.swift; name = Package.swift; path = /Users/sam/Projects/Bookish/Dependencies/BookishModel/.build/checkouts/Logger/Package.swift; sourceTree = "<group>"; };
		OBJ_6 /* Package.swift */ = {isa = PBXFileReference; explicitFileType = sourcecode.swift; path = Package.swift; sourceTree = "<group>"; };
		OBJ_67 /* Dependencies */ = {isa = PBXFileReference; lastKnownFileType = folder; path = Dependencies; sourceTree = SOURCE_ROOT; };
		OBJ_68 /* Configs */ = {isa = PBXFileReference; lastKnownFileType = folder; path = Configs; sourceTree = SOURCE_ROOT; };
		OBJ_69 /* Packages */ = {isa = PBXFileReference; lastKnownFileType = folder; path = Packages; sourceTree = SOURCE_ROOT; };
		OBJ_70 /* build */ = {isa = PBXFileReference; lastKnownFileType = folder; path = build; sourceTree = SOURCE_ROOT; };
		OBJ_71 /* BookishModel.xcworkspace */ = {isa = PBXFileReference; lastKnownFileType = wrapper.workspace; path = BookishModel.xcworkspace; sourceTree = SOURCE_ROOT; };
		OBJ_72 /* Package.swift.original */ = {isa = PBXFileReference; lastKnownFileType = file; path = Package.swift.original; sourceTree = "<group>"; };
		OBJ_73 /* README.md */ = {isa = PBXFileReference; lastKnownFileType = net.daringfireball.markdown; path = README.md; sourceTree = "<group>"; };
		OBJ_8 /* BookishModelMac.xcconfig */ = {isa = PBXFileReference; lastKnownFileType = text.xcconfig; name = BookishModelMac.xcconfig; path = Configs/BookishModelMac.xcconfig; sourceTree = "<group>"; };
/* End PBXFileReference section */

/* Begin PBXFrameworksBuildPhase section */
		OBJ_117 /* Frameworks */ = {
			isa = PBXFrameworksBuildPhase;
			buildActionMask = 0;
			files = (
				OBJ_118 /* JSONDump.framework in Frameworks */,
				OBJ_119 /* ActionsKit.framework in Frameworks */,
				OBJ_120 /* Actions.framework in Frameworks */,
				OBJ_121 /* LoggerKit.framework in Frameworks */,
				OBJ_122 /* Logger.framework in Frameworks */,
			);
			runOnlyForDeploymentPostprocessing = 0;
		};
		OBJ_136 /* Frameworks */ = {
			isa = PBXFrameworksBuildPhase;
			buildActionMask = 0;
			files = (
				OBJ_137 /* BookishCore.framework in Frameworks */,
				OBJ_138 /* JSONDump.framework in Frameworks */,
				OBJ_139 /* ActionsKit.framework in Frameworks */,
				OBJ_140 /* Actions.framework in Frameworks */,
				OBJ_141 /* LoggerKit.framework in Frameworks */,
				OBJ_142 /* Logger.framework in Frameworks */,
			);
			runOnlyForDeploymentPostprocessing = 0;
		};
		OBJ_167 /* Frameworks */ = {
			isa = PBXFrameworksBuildPhase;
			buildActionMask = 0;
			files = (
				OBJ_168 /* BookishCore.framework in Frameworks */,
				OBJ_169 /* JSONDump.framework in Frameworks */,
				OBJ_170 /* ActionsKit.framework in Frameworks */,
				OBJ_171 /* Actions.framework in Frameworks */,
				OBJ_172 /* LoggerKit.framework in Frameworks */,
				OBJ_173 /* Logger.framework in Frameworks */,
			);
			runOnlyForDeploymentPostprocessing = 0;
		};
		OBJ_185 /* Frameworks */ = {
			isa = PBXFrameworksBuildPhase;
			buildActionMask = 0;
			files = (
				OBJ_186 /* LoggerTestSupport.framework in Frameworks */,
				OBJ_187 /* BookishCore.framework in Frameworks */,
				OBJ_188 /* JSONDump.framework in Frameworks */,
				OBJ_189 /* ActionsKit.framework in Frameworks */,
				OBJ_190 /* Actions.framework in Frameworks */,
				OBJ_191 /* LoggerKit.framework in Frameworks */,
				OBJ_192 /* Logger.framework in Frameworks */,
			);
			runOnlyForDeploymentPostprocessing = 0;
		};
		OBJ_206 /* Frameworks */ = {
			isa = PBXFrameworksBuildPhase;
			buildActionMask = 0;
			files = (
			);
			runOnlyForDeploymentPostprocessing = 0;
		};
		OBJ_224 /* Frameworks */ = {
			isa = PBXFrameworksBuildPhase;
			buildActionMask = 0;
			files = (
			);
			runOnlyForDeploymentPostprocessing = 0;
		};
		OBJ_231 /* Frameworks */ = {
			isa = PBXFrameworksBuildPhase;
			buildActionMask = 0;
			files = (
				OBJ_232 /* Logger.framework in Frameworks */,
			);
			runOnlyForDeploymentPostprocessing = 0;
		};
		OBJ_245 /* Frameworks */ = {
			isa = PBXFrameworksBuildPhase;
			buildActionMask = 0;
			files = (
				OBJ_246 /* Logger.framework in Frameworks */,
			);
			runOnlyForDeploymentPostprocessing = 0;
		};
		OBJ_87 /* Frameworks */ = {
			isa = PBXFrameworksBuildPhase;
			buildActionMask = 0;
			files = (
				OBJ_88 /* Logger.framework in Frameworks */,
			);
			runOnlyForDeploymentPostprocessing = 0;
		};
		OBJ_98 /* Frameworks */ = {
			isa = PBXFrameworksBuildPhase;
			buildActionMask = 0;
			files = (
				OBJ_99 /* Actions.framework in Frameworks */,
				OBJ_100 /* Logger.framework in Frameworks */,
			);
			runOnlyForDeploymentPostprocessing = 0;
		};
/* End PBXFrameworksBuildPhase section */

/* Begin PBXGroup section */
		OBJ_10 /* BookishCore */ = {
			isa = PBXGroup;
			children = (
				OBJ_11 /* BookishCore.swift */,
				OBJ_12 /* CloudManager.swift */,
				OBJ_13 /* ImageCache.swift */,
			);
			name = BookishCore;
			path = Sources/BookishCore;
			sourceTree = SOURCE_ROOT;
		};
		OBJ_14 /* BookishCoreMac */ = {
			isa = PBXGroup;
			children = (
				OBJ_15 /* main.swift */,
			);
			name = BookishCoreMac;
			path = Sources/BookishCoreMac;
			sourceTree = SOURCE_ROOT;
		};
		OBJ_16 /* BookishCoreMobile */ = {
			isa = PBXGroup;
			children = (
				OBJ_17 /* main.swift */,
			);
			name = BookishCoreMobile;
			path = Sources/BookishCoreMobile;
			sourceTree = SOURCE_ROOT;
		};
		OBJ_18 /* Tests */ = {
			isa = PBXGroup;
			children = (
				OBJ_19 /* BookishCoreTests */,
			);
			name = Tests;
			sourceTree = SOURCE_ROOT;
		};
		OBJ_19 /* BookishCoreTests */ = {
			isa = PBXGroup;
			children = (
				OBJ_20 /* BookishCoreTests.swift */,
			);
			name = BookishCoreTests;
			path = Tests/BookishCoreTests;
			sourceTree = SOURCE_ROOT;
		};
		OBJ_21 /* Dependencies */ = {
			isa = PBXGroup;
			children = (
				OBJ_22 /* JSONDump 1.0.4 */,
				OBJ_26 /* Actions */,
				OBJ_40 /* Logger 1.3.2 */,
			);
			name = Dependencies;
			sourceTree = "<group>";
		};
		OBJ_22 /* JSONDump 1.0.4 */ = {
			isa = PBXGroup;
			children = (
				OBJ_23 /* JSONDump */,
				OBJ_25 /* Package.swift */,
			);
			name = "JSONDump 1.0.4";
			sourceTree = SOURCE_ROOT;
		};
		OBJ_23 /* JSONDump */ = {
			isa = PBXGroup;
			children = (
				OBJ_24 /* JSONDump.swift */,
			);
			name = JSONDump;
			path = .build/checkouts/JSONDump/Sources/JSONDump;
			sourceTree = SOURCE_ROOT;
		};
		OBJ_26 /* Actions */ = {
			isa = PBXGroup;
			children = (
				OBJ_27 /* Actions */,
				OBJ_36 /* ActionsKit */,
				OBJ_39 /* Package.swift */,
			);
			name = Actions;
			sourceTree = SOURCE_ROOT;
		};
		OBJ_27 /* Actions */ = {
			isa = PBXGroup;
			children = (
				OBJ_28 /* Action.swift */,
				OBJ_29 /* ActionContext.swift */,
				OBJ_30 /* ActionIdentification.swift */,
				OBJ_31 /* ActionInfo.swift */,
				OBJ_32 /* ActionManager.swift */,
				OBJ_33 /* ActionNotification.swift */,
				OBJ_34 /* ActionSerialisation.swift */,
				OBJ_35 /* DelegatedAction.swift */,
			);
			name = Actions;
			path = Packages/Actions/Sources/Actions;
			sourceTree = SOURCE_ROOT;
		};
		OBJ_36 /* ActionsKit */ = {
			isa = PBXGroup;
			children = (
				OBJ_37 /* ActionManagerMac.swift */,
				OBJ_38 /* ActionManagerMobile.swift */,
			);
			name = ActionsKit;
			path = Packages/Actions/Sources/ActionsKit;
			sourceTree = SOURCE_ROOT;
		};
		OBJ_40 /* Logger 1.3.2 */ = {
			isa = PBXGroup;
			children = (
				OBJ_41 /* Example */,
				OBJ_42 /* Logger */,
				OBJ_50 /* LoggerKit */,
				OBJ_53 /* LoggerTestSupport */,
				OBJ_55 /* Package.swift */,
			);
			name = "Logger 1.3.2";
			sourceTree = SOURCE_ROOT;
		};
		OBJ_41 /* Example */ = {
			isa = PBXGroup;
			children = (
			);
			name = Example;
			path = .build/checkouts/Logger/Sources/Example;
			sourceTree = SOURCE_ROOT;
		};
		OBJ_42 /* Logger */ = {
			isa = PBXGroup;
			children = (
				OBJ_43 /* Channel.swift */,
				OBJ_44 /* Context.swift */,
				OBJ_45 /* Handler.swift */,
				OBJ_46 /* Manager.swift */,
				OBJ_47 /* NSLogHandler.swift */,
				OBJ_48 /* OSLogHandler.swift */,
				OBJ_49 /* PrintHandler.swift */,
			);
			name = Logger;
			path = .build/checkouts/Logger/Sources/Logger;
			sourceTree = SOURCE_ROOT;
		};
		OBJ_5 /*  */ = {
			isa = PBXGroup;
			children = (
				OBJ_6 /* Package.swift */,
				OBJ_7 /* Configs */,
				OBJ_9 /* Sources */,
				OBJ_18 /* Tests */,
				OBJ_21 /* Dependencies */,
				OBJ_56 /* Products */,
				OBJ_67 /* Dependencies */,
				OBJ_68 /* Configs */,
				OBJ_69 /* Packages */,
				OBJ_70 /* build */,
				OBJ_71 /* BookishModel.xcworkspace */,
				OBJ_72 /* Package.swift.original */,
				OBJ_73 /* README.md */,
			);
			name = "";
			sourceTree = "<group>";
		};
		OBJ_50 /* LoggerKit */ = {
			isa = PBXGroup;
			children = (
				OBJ_51 /* LoggerMenu.swift */,
				OBJ_52 /* LoggerSettingsView.swift */,
			);
			name = LoggerKit;
			path = .build/checkouts/Logger/Sources/LoggerKit;
			sourceTree = SOURCE_ROOT;
		};
		OBJ_53 /* LoggerTestSupport */ = {
			isa = PBXGroup;
			children = (
				OBJ_54 /* XCTest+Logger.swift */,
			);
			name = LoggerTestSupport;
			path = .build/checkouts/Logger/Sources/LoggerTestSupport;
			sourceTree = SOURCE_ROOT;
		};
		OBJ_56 /* Products */ = {
			isa = PBXGroup;
			children = (
				"JSONDump::JSONDump::Product" /* JSONDump.framework */,
				"Actions::Actions::Product" /* Actions.framework */,
				"BookishCoreMac::BookishCoreTests::Product" /* BookishCoreTests.xctest */,
				"Logger::LoggerKit::Product" /* LoggerKit.framework */,
				"BookishCoreMac::BookishCoreMobile::Product" /* BookishCoreMobile */,
				"Logger::LoggerTestSupport::Product" /* LoggerTestSupport.framework */,
				"Logger::Logger::Product" /* Logger.framework */,
				"BookishCoreMac::BookishCoreMac::Product" /* BookishCoreMac */,
				"BookishCoreMac::BookishCore::Product" /* BookishCore.framework */,
				"Actions::ActionsKit::Product" /* ActionsKit.framework */,
			);
			name = Products;
			sourceTree = BUILT_PRODUCTS_DIR;
		};
		OBJ_7 /* Configs */ = {
			isa = PBXGroup;
			children = (
				OBJ_8 /* BookishModelMac.xcconfig */,
			);
			name = Configs;
			sourceTree = "<group>";
		};
		OBJ_9 /* Sources */ = {
			isa = PBXGroup;
			children = (
				OBJ_10 /* BookishCore */,
				OBJ_14 /* BookishCoreMac */,
				OBJ_16 /* BookishCoreMobile */,
			);
			name = Sources;
			sourceTree = SOURCE_ROOT;
		};
/* End PBXGroup section */

/* Begin PBXNativeTarget section */
		"Actions::Actions" /* Actions */ = {
			isa = PBXNativeTarget;
			buildConfigurationList = OBJ_75 /* Build configuration list for PBXNativeTarget "Actions" */;
			buildPhases = (
				OBJ_78 /* Sources */,
				OBJ_87 /* Frameworks */,
			);
			buildRules = (
			);
			dependencies = (
				OBJ_89 /* PBXTargetDependency */,
			);
			name = Actions;
			productName = Actions;
			productReference = "Actions::Actions::Product" /* Actions.framework */;
			productType = "com.apple.product-type.framework";
		};
		"Actions::ActionsKit" /* ActionsKit */ = {
			isa = PBXNativeTarget;
			buildConfigurationList = OBJ_92 /* Build configuration list for PBXNativeTarget "ActionsKit" */;
			buildPhases = (
				OBJ_95 /* Sources */,
				OBJ_98 /* Frameworks */,
			);
			buildRules = (
			);
			dependencies = (
				OBJ_101 /* PBXTargetDependency */,
				OBJ_102 /* PBXTargetDependency */,
			);
			name = ActionsKit;
			productName = ActionsKit;
			productReference = "Actions::ActionsKit::Product" /* ActionsKit.framework */;
			productType = "com.apple.product-type.framework";
		};
		"Actions::SwiftPMPackageDescription" /* ActionsPackageDescription */ = {
			isa = PBXNativeTarget;
			buildConfigurationList = OBJ_104 /* Build configuration list for PBXNativeTarget "ActionsPackageDescription" */;
			buildPhases = (
				OBJ_107 /* Sources */,
			);
			buildRules = (
			);
			dependencies = (
			);
			name = ActionsPackageDescription;
			productName = ActionsPackageDescription;
			productType = "com.apple.product-type.framework";
		};
		"BookishCoreMac::BookishCore" /* BookishCore */ = {
			isa = PBXNativeTarget;
			buildConfigurationList = OBJ_110 /* Build configuration list for PBXNativeTarget "BookishCore" */;
			buildPhases = (
				OBJ_113 /* Sources */,
				OBJ_117 /* Frameworks */,
			);
			buildRules = (
			);
			dependencies = (
				OBJ_123 /* PBXTargetDependency */,
				OBJ_125 /* PBXTargetDependency */,
				OBJ_126 /* PBXTargetDependency */,
				OBJ_127 /* PBXTargetDependency */,
				OBJ_129 /* PBXTargetDependency */,
			);
			name = BookishCore;
			productName = BookishCore;
			productReference = "BookishCoreMac::BookishCore::Product" /* BookishCore.framework */;
			productType = "com.apple.product-type.framework";
		};
		"BookishCoreMac::BookishCoreMac" /* BookishCoreMac */ = {
			isa = PBXNativeTarget;
			buildConfigurationList = OBJ_131 /* Build configuration list for PBXNativeTarget "BookishCoreMac" */;
			buildPhases = (
				OBJ_134 /* Sources */,
				OBJ_136 /* Frameworks */,
			);
			buildRules = (
			);
			dependencies = (
				OBJ_143 /* PBXTargetDependency */,
				OBJ_144 /* PBXTargetDependency */,
				OBJ_145 /* PBXTargetDependency */,
				OBJ_146 /* PBXTargetDependency */,
				OBJ_147 /* PBXTargetDependency */,
				OBJ_148 /* PBXTargetDependency */,
			);
			name = BookishCoreMac;
			productName = BookishCoreMac;
			productReference = "BookishCoreMac::BookishCoreMac::Product" /* BookishCoreMac */;
			productType = "com.apple.product-type.tool";
		};
		"BookishCoreMac::BookishCoreMobile" /* BookishCoreMobile */ = {
			isa = PBXNativeTarget;
			buildConfigurationList = OBJ_162 /* Build configuration list for PBXNativeTarget "BookishCoreMobile" */;
			buildPhases = (
				OBJ_165 /* Sources */,
				OBJ_167 /* Frameworks */,
			);
			buildRules = (
			);
			dependencies = (
				OBJ_174 /* PBXTargetDependency */,
				OBJ_175 /* PBXTargetDependency */,
				OBJ_176 /* PBXTargetDependency */,
				OBJ_177 /* PBXTargetDependency */,
				OBJ_178 /* PBXTargetDependency */,
				OBJ_179 /* PBXTargetDependency */,
			);
			name = BookishCoreMobile;
			productName = BookishCoreMobile;
			productReference = "BookishCoreMac::BookishCoreMobile::Product" /* BookishCoreMobile */;
			productType = "com.apple.product-type.tool";
		};
		"BookishCoreMac::BookishCoreTests" /* BookishCoreTests */ = {
			isa = PBXNativeTarget;
			buildConfigurationList = OBJ_180 /* Build configuration list for PBXNativeTarget "BookishCoreTests" */;
			buildPhases = (
				OBJ_183 /* Sources */,
				OBJ_185 /* Frameworks */,
			);
			buildRules = (
			);
			dependencies = (
				OBJ_193 /* PBXTargetDependency */,
				OBJ_195 /* PBXTargetDependency */,
				OBJ_196 /* PBXTargetDependency */,
				OBJ_197 /* PBXTargetDependency */,
				OBJ_198 /* PBXTargetDependency */,
				OBJ_199 /* PBXTargetDependency */,
				OBJ_200 /* PBXTargetDependency */,
			);
			name = BookishCoreTests;
			productName = BookishCoreTests;
			productReference = "BookishCoreMac::BookishCoreTests::Product" /* BookishCoreTests.xctest */;
			productType = "com.apple.product-type.bundle.unit-test";
		};
		"BookishCoreMac::SwiftPMPackageDescription" /* BookishCoreMacPackageDescription */ = {
			isa = PBXNativeTarget;
			buildConfigurationList = OBJ_150 /* Build configuration list for PBXNativeTarget "BookishCoreMacPackageDescription" */;
			buildPhases = (
				OBJ_153 /* Sources */,
			);
			buildRules = (
			);
			dependencies = (
			);
			name = BookishCoreMacPackageDescription;
			productName = BookishCoreMacPackageDescription;
			productType = "com.apple.product-type.framework";
		};
		"JSONDump::JSONDump" /* JSONDump */ = {
			isa = PBXNativeTarget;
			buildConfigurationList = OBJ_201 /* Build configuration list for PBXNativeTarget "JSONDump" */;
			buildPhases = (
				OBJ_204 /* Sources */,
				OBJ_206 /* Frameworks */,
			);
			buildRules = (
			);
			dependencies = (
			);
			name = JSONDump;
			productName = JSONDump;
			productReference = "JSONDump::JSONDump::Product" /* JSONDump.framework */;
			productType = "com.apple.product-type.framework";
		};
		"JSONDump::SwiftPMPackageDescription" /* JSONDumpPackageDescription */ = {
			isa = PBXNativeTarget;
			buildConfigurationList = OBJ_208 /* Build configuration list for PBXNativeTarget "JSONDumpPackageDescription" */;
			buildPhases = (
				OBJ_211 /* Sources */,
			);
			buildRules = (
			);
			dependencies = (
			);
			name = JSONDumpPackageDescription;
			productName = JSONDumpPackageDescription;
			productType = "com.apple.product-type.framework";
		};
		"Logger::Logger" /* Logger */ = {
			isa = PBXNativeTarget;
			buildConfigurationList = OBJ_213 /* Build configuration list for PBXNativeTarget "Logger" */;
			buildPhases = (
				OBJ_216 /* Sources */,
				OBJ_224 /* Frameworks */,
			);
			buildRules = (
			);
			dependencies = (
			);
			name = Logger;
			productName = Logger;
			productReference = "Logger::Logger::Product" /* Logger.framework */;
			productType = "com.apple.product-type.framework";
		};
		"Logger::LoggerKit" /* LoggerKit */ = {
			isa = PBXNativeTarget;
			buildConfigurationList = OBJ_225 /* Build configuration list for PBXNativeTarget "LoggerKit" */;
			buildPhases = (
				OBJ_228 /* Sources */,
				OBJ_231 /* Frameworks */,
			);
			buildRules = (
			);
			dependencies = (
				OBJ_233 /* PBXTargetDependency */,
			);
			name = LoggerKit;
			productName = LoggerKit;
			productReference = "Logger::LoggerKit::Product" /* LoggerKit.framework */;
			productType = "com.apple.product-type.framework";
		};
		"Logger::LoggerTestSupport" /* LoggerTestSupport */ = {
			isa = PBXNativeTarget;
			buildConfigurationList = OBJ_240 /* Build configuration list for PBXNativeTarget "LoggerTestSupport" */;
			buildPhases = (
				OBJ_243 /* Sources */,
				OBJ_245 /* Frameworks */,
			);
			buildRules = (
			);
			dependencies = (
				OBJ_247 /* PBXTargetDependency */,
			);
			name = LoggerTestSupport;
			productName = LoggerTestSupport;
			productReference = "Logger::LoggerTestSupport::Product" /* LoggerTestSupport.framework */;
			productType = "com.apple.product-type.framework";
		};
		"Logger::SwiftPMPackageDescription" /* LoggerPackageDescription */ = {
			isa = PBXNativeTarget;
			buildConfigurationList = OBJ_235 /* Build configuration list for PBXNativeTarget "LoggerPackageDescription" */;
			buildPhases = (
				OBJ_238 /* Sources */,
			);
			buildRules = (
			);
			dependencies = (
			);
			name = LoggerPackageDescription;
			productName = LoggerPackageDescription;
			productType = "com.apple.product-type.framework";
		};
/* End PBXNativeTarget section */

/* Begin PBXProject section */
		OBJ_1 /* Project object */ = {
			isa = PBXProject;
			attributes = {
				LastSwiftMigration = 9999;
				LastUpgradeCheck = 9999;
			};
			buildConfigurationList = OBJ_2 /* Build configuration list for PBXProject "BookishCoreMac" */;
			compatibilityVersion = "Xcode 3.2";
			developmentRegion = English;
			hasScannedForEncodings = 0;
			knownRegions = (
				English,
				en,
			);
			mainGroup = OBJ_5 /*  */;
			productRefGroup = OBJ_56 /* Products */;
			projectDirPath = ..;
			projectRoot = "";
			targets = (
				"Actions::Actions" /* Actions */,
				"Actions::ActionsKit" /* ActionsKit */,
				"Actions::SwiftPMPackageDescription" /* ActionsPackageDescription */,
				"BookishCoreMac::BookishCore" /* BookishCore */,
				"BookishCoreMac::BookishCoreMac" /* BookishCoreMac */,
				"BookishCoreMac::SwiftPMPackageDescription" /* BookishCoreMacPackageDescription */,
				"BookishCoreMac::BookishCoreMacPackageTests::ProductTarget" /* BookishCoreMacPackageTests */,
				"BookishCoreMac::BookishCoreMobile" /* BookishCoreMobile */,
				"BookishCoreMac::BookishCoreTests" /* BookishCoreTests */,
				"JSONDump::JSONDump" /* JSONDump */,
				"JSONDump::SwiftPMPackageDescription" /* JSONDumpPackageDescription */,
				"Logger::Logger" /* Logger */,
				"Logger::LoggerKit" /* LoggerKit */,
				"Logger::SwiftPMPackageDescription" /* LoggerPackageDescription */,
				"Logger::LoggerTestSupport" /* LoggerTestSupport */,
			);
		};
/* End PBXProject section */

/* Begin PBXSourcesBuildPhase section */
		OBJ_107 /* Sources */ = {
			isa = PBXSourcesBuildPhase;
			buildActionMask = 0;
			files = (
				OBJ_108 /* Package.swift in Sources */,
			);
			runOnlyForDeploymentPostprocessing = 0;
		};
		OBJ_113 /* Sources */ = {
			isa = PBXSourcesBuildPhase;
			buildActionMask = 0;
			files = (
				OBJ_114 /* BookishCore.swift in Sources */,
				OBJ_115 /* CloudManager.swift in Sources */,
				OBJ_116 /* ImageCache.swift in Sources */,
			);
			runOnlyForDeploymentPostprocessing = 0;
		};
		OBJ_134 /* Sources */ = {
			isa = PBXSourcesBuildPhase;
			buildActionMask = 0;
			files = (
				OBJ_135 /* main.swift in Sources */,
			);
			runOnlyForDeploymentPostprocessing = 0;
		};
		OBJ_153 /* Sources */ = {
			isa = PBXSourcesBuildPhase;
			buildActionMask = 0;
			files = (
				OBJ_154 /* Package.swift in Sources */,
			);
			runOnlyForDeploymentPostprocessing = 0;
		};
		OBJ_165 /* Sources */ = {
			isa = PBXSourcesBuildPhase;
			buildActionMask = 0;
			files = (
				OBJ_166 /* main.swift in Sources */,
			);
			runOnlyForDeploymentPostprocessing = 0;
		};
		OBJ_183 /* Sources */ = {
			isa = PBXSourcesBuildPhase;
			buildActionMask = 0;
			files = (
				OBJ_184 /* BookishCoreTests.swift in Sources */,
			);
			runOnlyForDeploymentPostprocessing = 0;
		};
		OBJ_204 /* Sources */ = {
			isa = PBXSourcesBuildPhase;
			buildActionMask = 0;
			files = (
				OBJ_205 /* JSONDump.swift in Sources */,
			);
			runOnlyForDeploymentPostprocessing = 0;
		};
		OBJ_211 /* Sources */ = {
			isa = PBXSourcesBuildPhase;
			buildActionMask = 0;
			files = (
				OBJ_212 /* Package.swift in Sources */,
			);
			runOnlyForDeploymentPostprocessing = 0;
		};
		OBJ_216 /* Sources */ = {
			isa = PBXSourcesBuildPhase;
			buildActionMask = 0;
			files = (
				OBJ_217 /* Channel.swift in Sources */,
				OBJ_218 /* Context.swift in Sources */,
				OBJ_219 /* Handler.swift in Sources */,
				OBJ_220 /* Manager.swift in Sources */,
				OBJ_221 /* NSLogHandler.swift in Sources */,
				OBJ_222 /* OSLogHandler.swift in Sources */,
				OBJ_223 /* PrintHandler.swift in Sources */,
			);
			runOnlyForDeploymentPostprocessing = 0;
		};
		OBJ_228 /* Sources */ = {
			isa = PBXSourcesBuildPhase;
			buildActionMask = 0;
			files = (
				OBJ_229 /* LoggerMenu.swift in Sources */,
				OBJ_230 /* LoggerSettingsView.swift in Sources */,
			);
			runOnlyForDeploymentPostprocessing = 0;
		};
		OBJ_238 /* Sources */ = {
			isa = PBXSourcesBuildPhase;
			buildActionMask = 0;
			files = (
				OBJ_239 /* Package.swift in Sources */,
			);
			runOnlyForDeploymentPostprocessing = 0;
		};
		OBJ_243 /* Sources */ = {
			isa = PBXSourcesBuildPhase;
			buildActionMask = 0;
			files = (
				OBJ_244 /* XCTest+Logger.swift in Sources */,
			);
			runOnlyForDeploymentPostprocessing = 0;
		};
		OBJ_78 /* Sources */ = {
			isa = PBXSourcesBuildPhase;
			buildActionMask = 0;
			files = (
				OBJ_79 /* Action.swift in Sources */,
				OBJ_80 /* ActionContext.swift in Sources */,
				OBJ_81 /* ActionIdentification.swift in Sources */,
				OBJ_82 /* ActionInfo.swift in Sources */,
				OBJ_83 /* ActionManager.swift in Sources */,
				OBJ_84 /* ActionNotification.swift in Sources */,
				OBJ_85 /* ActionSerialisation.swift in Sources */,
				OBJ_86 /* DelegatedAction.swift in Sources */,
			);
			runOnlyForDeploymentPostprocessing = 0;
		};
		OBJ_95 /* Sources */ = {
			isa = PBXSourcesBuildPhase;
			buildActionMask = 0;
			files = (
				OBJ_96 /* ActionManagerMac.swift in Sources */,
				OBJ_97 /* ActionManagerMobile.swift in Sources */,
			);
			runOnlyForDeploymentPostprocessing = 0;
		};
/* End PBXSourcesBuildPhase section */

/* Begin PBXTargetDependency section */
		OBJ_101 /* PBXTargetDependency */ = {
			isa = PBXTargetDependency;
			target = "Actions::Actions" /* Actions */;
			targetProxy = 22BE78AC225239A9002EADD7 /* PBXContainerItemProxy */;
		};
		OBJ_102 /* PBXTargetDependency */ = {
			isa = PBXTargetDependency;
			target = "Logger::Logger" /* Logger */;
			targetProxy = 22BE78AE225239A9002EADD7 /* PBXContainerItemProxy */;
		};
		OBJ_123 /* PBXTargetDependency */ = {
			isa = PBXTargetDependency;
			target = "JSONDump::JSONDump" /* JSONDump */;
			targetProxy = 22BE78AA225239A9002EADD7 /* PBXContainerItemProxy */;
		};
		OBJ_125 /* PBXTargetDependency */ = {
			isa = PBXTargetDependency;
			target = "Actions::ActionsKit" /* ActionsKit */;
			targetProxy = 22BE78AB225239A9002EADD7 /* PBXContainerItemProxy */;
		};
		OBJ_126 /* PBXTargetDependency */ = {
			isa = PBXTargetDependency;
			target = "Actions::Actions" /* Actions */;
			targetProxy = 22BE78AF225239A9002EADD7 /* PBXContainerItemProxy */;
		};
		OBJ_127 /* PBXTargetDependency */ = {
			isa = PBXTargetDependency;
			target = "Logger::LoggerKit" /* LoggerKit */;
			targetProxy = 22BE78B0225239A9002EADD7 /* PBXContainerItemProxy */;
		};
		OBJ_129 /* PBXTargetDependency */ = {
			isa = PBXTargetDependency;
			target = "Logger::Logger" /* Logger */;
			targetProxy = 22BE78B2225239A9002EADD7 /* PBXContainerItemProxy */;
		};
		OBJ_143 /* PBXTargetDependency */ = {
			isa = PBXTargetDependency;
			target = "BookishCoreMac::BookishCore" /* BookishCore */;
			targetProxy = 22BE78A9225239A9002EADD7 /* PBXContainerItemProxy */;
		};
		OBJ_144 /* PBXTargetDependency */ = {
			isa = PBXTargetDependency;
			target = "JSONDump::JSONDump" /* JSONDump */;
			targetProxy = 22BE78B3225239A9002EADD7 /* PBXContainerItemProxy */;
		};
		OBJ_145 /* PBXTargetDependency */ = {
			isa = PBXTargetDependency;
			target = "Actions::ActionsKit" /* ActionsKit */;
			targetProxy = 22BE78B4225239A9002EADD7 /* PBXContainerItemProxy */;
		};
		OBJ_146 /* PBXTargetDependency */ = {
			isa = PBXTargetDependency;
			target = "Actions::Actions" /* Actions */;
			targetProxy = 22BE78B5225239A9002EADD7 /* PBXContainerItemProxy */;
		};
		OBJ_147 /* PBXTargetDependency */ = {
			isa = PBXTargetDependency;
			target = "Logger::LoggerKit" /* LoggerKit */;
			targetProxy = 22BE78B6225239A9002EADD7 /* PBXContainerItemProxy */;
		};
		OBJ_148 /* PBXTargetDependency */ = {
			isa = PBXTargetDependency;
			target = "Logger::Logger" /* Logger */;
			targetProxy = 22BE78B7225239A9002EADD7 /* PBXContainerItemProxy */;
		};
		OBJ_159 /* PBXTargetDependency */ = {
			isa = PBXTargetDependency;
			target = "BookishCoreMac::BookishCoreTests" /* BookishCoreTests */;
			targetProxy = 22BE78E4225239A9002EADD7 /* PBXContainerItemProxy */;
		};
		OBJ_174 /* PBXTargetDependency */ = {
			isa = PBXTargetDependency;
			target = "BookishCoreMac::BookishCore" /* BookishCore */;
			targetProxy = 22BE78B8225239A9002EADD7 /* PBXContainerItemProxy */;
		};
		OBJ_175 /* PBXTargetDependency */ = {
			isa = PBXTargetDependency;
			target = "JSONDump::JSONDump" /* JSONDump */;
			targetProxy = 22BE78B9225239A9002EADD7 /* PBXContainerItemProxy */;
		};
		OBJ_176 /* PBXTargetDependency */ = {
			isa = PBXTargetDependency;
			target = "Actions::ActionsKit" /* ActionsKit */;
			targetProxy = 22BE78BA225239A9002EADD7 /* PBXContainerItemProxy */;
		};
		OBJ_177 /* PBXTargetDependency */ = {
			isa = PBXTargetDependency;
			target = "Actions::Actions" /* Actions */;
			targetProxy = 22BE78BB225239A9002EADD7 /* PBXContainerItemProxy */;
		};
		OBJ_178 /* PBXTargetDependency */ = {
			isa = PBXTargetDependency;
			target = "Logger::LoggerKit" /* LoggerKit */;
			targetProxy = 22BE78BC225239A9002EADD7 /* PBXContainerItemProxy */;
		};
		OBJ_179 /* PBXTargetDependency */ = {
			isa = PBXTargetDependency;
			target = "Logger::Logger" /* Logger */;
			targetProxy = 22BE78BD225239A9002EADD7 /* PBXContainerItemProxy */;
		};
		OBJ_193 /* PBXTargetDependency */ = {
			isa = PBXTargetDependency;
			target = "Logger::LoggerTestSupport" /* LoggerTestSupport */;
			targetProxy = 22BE78BE225239A9002EADD7 /* PBXContainerItemProxy */;
		};
		OBJ_195 /* PBXTargetDependency */ = {
			isa = PBXTargetDependency;
			target = "BookishCoreMac::BookishCore" /* BookishCore */;
			targetProxy = 22BE78C0225239A9002EADD7 /* PBXContainerItemProxy */;
		};
		OBJ_196 /* PBXTargetDependency */ = {
			isa = PBXTargetDependency;
			target = "JSONDump::JSONDump" /* JSONDump */;
			targetProxy = 22BE78C1225239A9002EADD7 /* PBXContainerItemProxy */;
		};
		OBJ_197 /* PBXTargetDependency */ = {
			isa = PBXTargetDependency;
			target = "Actions::ActionsKit" /* ActionsKit */;
			targetProxy = 22BE78C2225239A9002EADD7 /* PBXContainerItemProxy */;
		};
		OBJ_198 /* PBXTargetDependency */ = {
			isa = PBXTargetDependency;
			target = "Actions::Actions" /* Actions */;
			targetProxy = 22BE78C3225239A9002EADD7 /* PBXContainerItemProxy */;
		};
		OBJ_199 /* PBXTargetDependency */ = {
			isa = PBXTargetDependency;
			target = "Logger::LoggerKit" /* LoggerKit */;
			targetProxy = 22BE78C4225239A9002EADD7 /* PBXContainerItemProxy */;
		};
		OBJ_200 /* PBXTargetDependency */ = {
			isa = PBXTargetDependency;
			target = "Logger::Logger" /* Logger */;
			targetProxy = 22BE78C5225239A9002EADD7 /* PBXContainerItemProxy */;
		};
		OBJ_233 /* PBXTargetDependency */ = {
			isa = PBXTargetDependency;
			target = "Logger::Logger" /* Logger */;
			targetProxy = 22BE78B1225239A9002EADD7 /* PBXContainerItemProxy */;
		};
		OBJ_247 /* PBXTargetDependency */ = {
			isa = PBXTargetDependency;
			target = "Logger::Logger" /* Logger */;
			targetProxy = 22BE78BF225239A9002EADD7 /* PBXContainerItemProxy */;
		};
		OBJ_89 /* PBXTargetDependency */ = {
			isa = PBXTargetDependency;
			target = "Logger::Logger" /* Logger */;
			targetProxy = 22BE78AD225239A9002EADD7 /* PBXContainerItemProxy */;
		};
/* End PBXTargetDependency section */

/* Begin XCBuildConfiguration section */
		OBJ_105 /* Debug */ = {
			isa = XCBuildConfiguration;
			buildSettings = {
				LD = /usr/bin/true;
				OTHER_SWIFT_FLAGS = "-swift-version 4.2 -I $(TOOLCHAIN_DIR)/usr/lib/swift/pm/4_2 -target x86_64-apple-macosx10.10 -sdk /Applications/Xcode10.2.app/Contents/Developer/Platforms/MacOSX.platform/Developer/SDKs/MacOSX10.14.sdk";
				SWIFT_VERSION = 4.2;
			};
			name = Debug;
		};
		OBJ_106 /* Release */ = {
			isa = XCBuildConfiguration;
			buildSettings = {
				LD = /usr/bin/true;
				OTHER_SWIFT_FLAGS = "-swift-version 4.2 -I $(TOOLCHAIN_DIR)/usr/lib/swift/pm/4_2 -target x86_64-apple-macosx10.10 -sdk /Applications/Xcode10.2.app/Contents/Developer/Platforms/MacOSX.platform/Developer/SDKs/MacOSX10.14.sdk";
				SWIFT_VERSION = 4.2;
			};
			name = Release;
		};
		OBJ_111 /* Debug */ = {
			isa = XCBuildConfiguration;
			baseConfigurationReference = OBJ_8 /* BookishModelMac.xcconfig */;
			buildSettings = {
				ENABLE_TESTABILITY = YES;
				FRAMEWORK_SEARCH_PATHS = (
					"$(inherited)",
					"$(PLATFORM_DIR)/Developer/Library/Frameworks",
				);
				HEADER_SEARCH_PATHS = "$(inherited)";
				INFOPLIST_FILE = Dependencies/BookishCoreMac.xcodeproj/BookishCore_Info.plist;
				LD_RUNPATH_SEARCH_PATHS = "$(inherited) $(TOOLCHAIN_DIR)/usr/lib/swift/macosx";
				OTHER_CFLAGS = "$(inherited)";
				OTHER_LDFLAGS = "$(inherited)";
				OTHER_SWIFT_FLAGS = "$(inherited)";
				PRODUCT_BUNDLE_IDENTIFIER = BookishCore;
				PRODUCT_MODULE_NAME = "$(TARGET_NAME:c99extidentifier)";
				PRODUCT_NAME = "$(TARGET_NAME:c99extidentifier)";
				SKIP_INSTALL = YES;
				SWIFT_ACTIVE_COMPILATION_CONDITIONS = "$(inherited)";
				SWIFT_VERSION = 4.2;
				TARGET_NAME = BookishCore;
			};
			name = Debug;
		};
		OBJ_112 /* Release */ = {
			isa = XCBuildConfiguration;
			baseConfigurationReference = OBJ_8 /* BookishModelMac.xcconfig */;
			buildSettings = {
				ENABLE_TESTABILITY = YES;
				FRAMEWORK_SEARCH_PATHS = (
					"$(inherited)",
					"$(PLATFORM_DIR)/Developer/Library/Frameworks",
				);
				HEADER_SEARCH_PATHS = "$(inherited)";
				INFOPLIST_FILE = Dependencies/BookishCoreMac.xcodeproj/BookishCore_Info.plist;
				LD_RUNPATH_SEARCH_PATHS = "$(inherited) $(TOOLCHAIN_DIR)/usr/lib/swift/macosx";
				OTHER_CFLAGS = "$(inherited)";
				OTHER_LDFLAGS = "$(inherited)";
				OTHER_SWIFT_FLAGS = "$(inherited)";
				PRODUCT_BUNDLE_IDENTIFIER = BookishCore;
				PRODUCT_MODULE_NAME = "$(TARGET_NAME:c99extidentifier)";
				PRODUCT_NAME = "$(TARGET_NAME:c99extidentifier)";
				SKIP_INSTALL = YES;
				SWIFT_ACTIVE_COMPILATION_CONDITIONS = "$(inherited)";
				SWIFT_VERSION = 4.2;
				TARGET_NAME = BookishCore;
			};
			name = Release;
		};
		OBJ_132 /* Debug */ = {
			isa = XCBuildConfiguration;
			baseConfigurationReference = OBJ_8 /* BookishModelMac.xcconfig */;
			buildSettings = {
				FRAMEWORK_SEARCH_PATHS = (
					"$(inherited)",
					"$(PLATFORM_DIR)/Developer/Library/Frameworks",
				);
				HEADER_SEARCH_PATHS = "$(inherited)";
				INFOPLIST_FILE = Dependencies/BookishCoreMac.xcodeproj/BookishCoreMac_Info.plist;
				LD_RUNPATH_SEARCH_PATHS = "$(inherited) $(TOOLCHAIN_DIR)/usr/lib/swift/macosx @executable_path";
				OTHER_CFLAGS = "$(inherited)";
				OTHER_LDFLAGS = "$(inherited)";
				OTHER_SWIFT_FLAGS = "$(inherited)";
				SWIFT_ACTIVE_COMPILATION_CONDITIONS = "$(inherited)";
				SWIFT_FORCE_DYNAMIC_LINK_STDLIB = YES;
				SWIFT_FORCE_STATIC_LINK_STDLIB = NO;
				SWIFT_VERSION = 4.2;
				TARGET_NAME = BookishCoreMac;
			};
			name = Debug;
		};
		OBJ_133 /* Release */ = {
			isa = XCBuildConfiguration;
			baseConfigurationReference = OBJ_8 /* BookishModelMac.xcconfig */;
			buildSettings = {
				FRAMEWORK_SEARCH_PATHS = (
					"$(inherited)",
					"$(PLATFORM_DIR)/Developer/Library/Frameworks",
				);
				HEADER_SEARCH_PATHS = "$(inherited)";
				INFOPLIST_FILE = Dependencies/BookishCoreMac.xcodeproj/BookishCoreMac_Info.plist;
				LD_RUNPATH_SEARCH_PATHS = "$(inherited) $(TOOLCHAIN_DIR)/usr/lib/swift/macosx @executable_path";
				OTHER_CFLAGS = "$(inherited)";
				OTHER_LDFLAGS = "$(inherited)";
				OTHER_SWIFT_FLAGS = "$(inherited)";
				SWIFT_ACTIVE_COMPILATION_CONDITIONS = "$(inherited)";
				SWIFT_FORCE_DYNAMIC_LINK_STDLIB = YES;
				SWIFT_FORCE_STATIC_LINK_STDLIB = NO;
				SWIFT_VERSION = 4.2;
				TARGET_NAME = BookishCoreMac;
			};
			name = Release;
		};
		OBJ_151 /* Debug */ = {
			isa = XCBuildConfiguration;
			buildSettings = {
				LD = /usr/bin/true;
				OTHER_SWIFT_FLAGS = "-swift-version 4.2 -I $(TOOLCHAIN_DIR)/usr/lib/swift/pm/4_2 -target x86_64-apple-macosx10.10 -sdk /Applications/Xcode10.2.app/Contents/Developer/Platforms/MacOSX.platform/Developer/SDKs/MacOSX10.14.sdk";
				SWIFT_VERSION = 4.2;
			};
			name = Debug;
		};
		OBJ_152 /* Release */ = {
			isa = XCBuildConfiguration;
			buildSettings = {
				LD = /usr/bin/true;
				OTHER_SWIFT_FLAGS = "-swift-version 4.2 -I $(TOOLCHAIN_DIR)/usr/lib/swift/pm/4_2 -target x86_64-apple-macosx10.10 -sdk /Applications/Xcode10.2.app/Contents/Developer/Platforms/MacOSX.platform/Developer/SDKs/MacOSX10.14.sdk";
				SWIFT_VERSION = 4.2;
			};
			name = Release;
		};
		OBJ_157 /* Debug */ = {
			isa = XCBuildConfiguration;
			buildSettings = {
			};
			name = Debug;
		};
		OBJ_158 /* Release */ = {
			isa = XCBuildConfiguration;
			buildSettings = {
			};
			name = Release;
		};
		OBJ_163 /* Debug */ = {
			isa = XCBuildConfiguration;
			baseConfigurationReference = OBJ_8 /* BookishModelMac.xcconfig */;
			buildSettings = {
				FRAMEWORK_SEARCH_PATHS = (
					"$(inherited)",
					"$(PLATFORM_DIR)/Developer/Library/Frameworks",
				);
				HEADER_SEARCH_PATHS = "$(inherited)";
				INFOPLIST_FILE = Dependencies/BookishCoreMac.xcodeproj/BookishCoreMobile_Info.plist;
				LD_RUNPATH_SEARCH_PATHS = "$(inherited) $(TOOLCHAIN_DIR)/usr/lib/swift/macosx @executable_path";
				OTHER_CFLAGS = "$(inherited)";
				OTHER_LDFLAGS = "$(inherited)";
				OTHER_SWIFT_FLAGS = "$(inherited)";
				SWIFT_ACTIVE_COMPILATION_CONDITIONS = "$(inherited)";
				SWIFT_FORCE_DYNAMIC_LINK_STDLIB = YES;
				SWIFT_FORCE_STATIC_LINK_STDLIB = NO;
				SWIFT_VERSION = 4.2;
				TARGET_NAME = BookishCoreMobile;
			};
			name = Debug;
		};
		OBJ_164 /* Release */ = {
			isa = XCBuildConfiguration;
			baseConfigurationReference = OBJ_8 /* BookishModelMac.xcconfig */;
			buildSettings = {
				FRAMEWORK_SEARCH_PATHS = (
					"$(inherited)",
					"$(PLATFORM_DIR)/Developer/Library/Frameworks",
				);
				HEADER_SEARCH_PATHS = "$(inherited)";
				INFOPLIST_FILE = Dependencies/BookishCoreMac.xcodeproj/BookishCoreMobile_Info.plist;
				LD_RUNPATH_SEARCH_PATHS = "$(inherited) $(TOOLCHAIN_DIR)/usr/lib/swift/macosx @executable_path";
				OTHER_CFLAGS = "$(inherited)";
				OTHER_LDFLAGS = "$(inherited)";
				OTHER_SWIFT_FLAGS = "$(inherited)";
				SWIFT_ACTIVE_COMPILATION_CONDITIONS = "$(inherited)";
				SWIFT_FORCE_DYNAMIC_LINK_STDLIB = YES;
				SWIFT_FORCE_STATIC_LINK_STDLIB = NO;
				SWIFT_VERSION = 4.2;
				TARGET_NAME = BookishCoreMobile;
			};
			name = Release;
		};
		OBJ_181 /* Debug */ = {
			isa = XCBuildConfiguration;
			baseConfigurationReference = OBJ_8 /* BookishModelMac.xcconfig */;
			buildSettings = {
				CLANG_ENABLE_MODULES = YES;
				EMBEDDED_CONTENT_CONTAINS_SWIFT = YES;
				FRAMEWORK_SEARCH_PATHS = (
					"$(inherited)",
					"$(PLATFORM_DIR)/Developer/Library/Frameworks",
				);
				HEADER_SEARCH_PATHS = "$(inherited)";
				INFOPLIST_FILE = Dependencies/BookishCoreMac.xcodeproj/BookishCoreTests_Info.plist;
				LD_RUNPATH_SEARCH_PATHS = "$(inherited) @loader_path/../Frameworks @loader_path/Frameworks";
				OTHER_CFLAGS = "$(inherited)";
				OTHER_LDFLAGS = "$(inherited)";
				OTHER_SWIFT_FLAGS = "$(inherited)";
				SWIFT_ACTIVE_COMPILATION_CONDITIONS = "$(inherited)";
				SWIFT_VERSION = 4.2;
				TARGET_NAME = BookishCoreTests;
			};
			name = Debug;
		};
		OBJ_182 /* Release */ = {
			isa = XCBuildConfiguration;
			baseConfigurationReference = OBJ_8 /* BookishModelMac.xcconfig */;
			buildSettings = {
				CLANG_ENABLE_MODULES = YES;
				EMBEDDED_CONTENT_CONTAINS_SWIFT = YES;
				FRAMEWORK_SEARCH_PATHS = (
					"$(inherited)",
					"$(PLATFORM_DIR)/Developer/Library/Frameworks",
				);
				HEADER_SEARCH_PATHS = "$(inherited)";
				INFOPLIST_FILE = Dependencies/BookishCoreMac.xcodeproj/BookishCoreTests_Info.plist;
				LD_RUNPATH_SEARCH_PATHS = "$(inherited) @loader_path/../Frameworks @loader_path/Frameworks";
				OTHER_CFLAGS = "$(inherited)";
				OTHER_LDFLAGS = "$(inherited)";
				OTHER_SWIFT_FLAGS = "$(inherited)";
				SWIFT_ACTIVE_COMPILATION_CONDITIONS = "$(inherited)";
				SWIFT_VERSION = 4.2;
				TARGET_NAME = BookishCoreTests;
			};
			name = Release;
		};
		OBJ_202 /* Debug */ = {
			isa = XCBuildConfiguration;
			baseConfigurationReference = OBJ_8 /* BookishModelMac.xcconfig */;
			buildSettings = {
				ENABLE_TESTABILITY = YES;
				FRAMEWORK_SEARCH_PATHS = (
					"$(inherited)",
					"$(PLATFORM_DIR)/Developer/Library/Frameworks",
				);
				HEADER_SEARCH_PATHS = "$(inherited)";
				INFOPLIST_FILE = Dependencies/BookishCoreMac.xcodeproj/JSONDump_Info.plist;
				LD_RUNPATH_SEARCH_PATHS = "$(inherited) $(TOOLCHAIN_DIR)/usr/lib/swift/macosx";
				OTHER_CFLAGS = "$(inherited)";
				OTHER_LDFLAGS = "$(inherited)";
				OTHER_SWIFT_FLAGS = "$(inherited)";
				PRODUCT_BUNDLE_IDENTIFIER = JSONDump;
				PRODUCT_MODULE_NAME = "$(TARGET_NAME:c99extidentifier)";
				PRODUCT_NAME = "$(TARGET_NAME:c99extidentifier)";
				SKIP_INSTALL = YES;
				SWIFT_ACTIVE_COMPILATION_CONDITIONS = "$(inherited)";
				SWIFT_VERSION = 4.2;
				TARGET_NAME = JSONDump;
			};
			name = Debug;
		};
		OBJ_203 /* Release */ = {
			isa = XCBuildConfiguration;
			baseConfigurationReference = OBJ_8 /* BookishModelMac.xcconfig */;
			buildSettings = {
				ENABLE_TESTABILITY = YES;
				FRAMEWORK_SEARCH_PATHS = (
					"$(inherited)",
					"$(PLATFORM_DIR)/Developer/Library/Frameworks",
				);
				HEADER_SEARCH_PATHS = "$(inherited)";
				INFOPLIST_FILE = Dependencies/BookishCoreMac.xcodeproj/JSONDump_Info.plist;
				LD_RUNPATH_SEARCH_PATHS = "$(inherited) $(TOOLCHAIN_DIR)/usr/lib/swift/macosx";
				OTHER_CFLAGS = "$(inherited)";
				OTHER_LDFLAGS = "$(inherited)";
				OTHER_SWIFT_FLAGS = "$(inherited)";
				PRODUCT_BUNDLE_IDENTIFIER = JSONDump;
				PRODUCT_MODULE_NAME = "$(TARGET_NAME:c99extidentifier)";
				PRODUCT_NAME = "$(TARGET_NAME:c99extidentifier)";
				SKIP_INSTALL = YES;
				SWIFT_ACTIVE_COMPILATION_CONDITIONS = "$(inherited)";
				SWIFT_VERSION = 4.2;
				TARGET_NAME = JSONDump;
			};
			name = Release;
		};
		OBJ_209 /* Debug */ = {
			isa = XCBuildConfiguration;
			buildSettings = {
				LD = /usr/bin/true;
				OTHER_SWIFT_FLAGS = "-swift-version 4.2 -I $(TOOLCHAIN_DIR)/usr/lib/swift/pm/4_2 -target x86_64-apple-macosx10.10 -sdk /Applications/Xcode10.2.app/Contents/Developer/Platforms/MacOSX.platform/Developer/SDKs/MacOSX10.14.sdk";
				SWIFT_VERSION = 4.2;
			};
			name = Debug;
		};
		OBJ_210 /* Release */ = {
			isa = XCBuildConfiguration;
			buildSettings = {
				LD = /usr/bin/true;
				OTHER_SWIFT_FLAGS = "-swift-version 4.2 -I $(TOOLCHAIN_DIR)/usr/lib/swift/pm/4_2 -target x86_64-apple-macosx10.10 -sdk /Applications/Xcode10.2.app/Contents/Developer/Platforms/MacOSX.platform/Developer/SDKs/MacOSX10.14.sdk";
				SWIFT_VERSION = 4.2;
			};
			name = Release;
		};
		OBJ_214 /* Debug */ = {
			isa = XCBuildConfiguration;
			baseConfigurationReference = OBJ_8 /* BookishModelMac.xcconfig */;
			buildSettings = {
				ENABLE_TESTABILITY = YES;
				FRAMEWORK_SEARCH_PATHS = (
					"$(inherited)",
					"$(PLATFORM_DIR)/Developer/Library/Frameworks",
				);
				HEADER_SEARCH_PATHS = "$(inherited)";
				INFOPLIST_FILE = Dependencies/BookishCoreMac.xcodeproj/Logger_Info.plist;
				LD_RUNPATH_SEARCH_PATHS = "$(inherited) $(TOOLCHAIN_DIR)/usr/lib/swift/macosx";
				OTHER_CFLAGS = "$(inherited)";
				OTHER_LDFLAGS = "$(inherited)";
				OTHER_SWIFT_FLAGS = "$(inherited)";
				PRODUCT_BUNDLE_IDENTIFIER = Logger;
				PRODUCT_MODULE_NAME = "$(TARGET_NAME:c99extidentifier)";
				PRODUCT_NAME = "$(TARGET_NAME:c99extidentifier)";
				SKIP_INSTALL = YES;
				SWIFT_ACTIVE_COMPILATION_CONDITIONS = "$(inherited)";
				SWIFT_VERSION = 4.2;
				TARGET_NAME = Logger;
			};
			name = Debug;
		};
		OBJ_215 /* Release */ = {
			isa = XCBuildConfiguration;
			baseConfigurationReference = OBJ_8 /* BookishModelMac.xcconfig */;
			buildSettings = {
				ENABLE_TESTABILITY = YES;
				FRAMEWORK_SEARCH_PATHS = (
					"$(inherited)",
					"$(PLATFORM_DIR)/Developer/Library/Frameworks",
				);
				HEADER_SEARCH_PATHS = "$(inherited)";
				INFOPLIST_FILE = Dependencies/BookishCoreMac.xcodeproj/Logger_Info.plist;
				LD_RUNPATH_SEARCH_PATHS = "$(inherited) $(TOOLCHAIN_DIR)/usr/lib/swift/macosx";
				OTHER_CFLAGS = "$(inherited)";
				OTHER_LDFLAGS = "$(inherited)";
				OTHER_SWIFT_FLAGS = "$(inherited)";
				PRODUCT_BUNDLE_IDENTIFIER = Logger;
				PRODUCT_MODULE_NAME = "$(TARGET_NAME:c99extidentifier)";
				PRODUCT_NAME = "$(TARGET_NAME:c99extidentifier)";
				SKIP_INSTALL = YES;
				SWIFT_ACTIVE_COMPILATION_CONDITIONS = "$(inherited)";
				SWIFT_VERSION = 4.2;
				TARGET_NAME = Logger;
			};
			name = Release;
		};
		OBJ_226 /* Debug */ = {
			isa = XCBuildConfiguration;
			baseConfigurationReference = OBJ_8 /* BookishModelMac.xcconfig */;
			buildSettings = {
				ENABLE_TESTABILITY = YES;
				FRAMEWORK_SEARCH_PATHS = (
					"$(inherited)",
					"$(PLATFORM_DIR)/Developer/Library/Frameworks",
				);
				HEADER_SEARCH_PATHS = "$(inherited)";
				INFOPLIST_FILE = Dependencies/BookishCoreMac.xcodeproj/LoggerKit_Info.plist;
				LD_RUNPATH_SEARCH_PATHS = "$(inherited) $(TOOLCHAIN_DIR)/usr/lib/swift/macosx";
				OTHER_CFLAGS = "$(inherited)";
				OTHER_LDFLAGS = "$(inherited)";
				OTHER_SWIFT_FLAGS = "$(inherited)";
				PRODUCT_BUNDLE_IDENTIFIER = LoggerKit;
				PRODUCT_MODULE_NAME = "$(TARGET_NAME:c99extidentifier)";
				PRODUCT_NAME = "$(TARGET_NAME:c99extidentifier)";
				SKIP_INSTALL = YES;
				SWIFT_ACTIVE_COMPILATION_CONDITIONS = "$(inherited)";
				SWIFT_VERSION = 4.2;
				TARGET_NAME = LoggerKit;
			};
			name = Debug;
		};
		OBJ_227 /* Release */ = {
			isa = XCBuildConfiguration;
			baseConfigurationReference = OBJ_8 /* BookishModelMac.xcconfig */;
			buildSettings = {
				ENABLE_TESTABILITY = YES;
				FRAMEWORK_SEARCH_PATHS = (
					"$(inherited)",
					"$(PLATFORM_DIR)/Developer/Library/Frameworks",
				);
				HEADER_SEARCH_PATHS = "$(inherited)";
				INFOPLIST_FILE = Dependencies/BookishCoreMac.xcodeproj/LoggerKit_Info.plist;
				LD_RUNPATH_SEARCH_PATHS = "$(inherited) $(TOOLCHAIN_DIR)/usr/lib/swift/macosx";
				OTHER_CFLAGS = "$(inherited)";
				OTHER_LDFLAGS = "$(inherited)";
				OTHER_SWIFT_FLAGS = "$(inherited)";
				PRODUCT_BUNDLE_IDENTIFIER = LoggerKit;
				PRODUCT_MODULE_NAME = "$(TARGET_NAME:c99extidentifier)";
				PRODUCT_NAME = "$(TARGET_NAME:c99extidentifier)";
				SKIP_INSTALL = YES;
				SWIFT_ACTIVE_COMPILATION_CONDITIONS = "$(inherited)";
				SWIFT_VERSION = 4.2;
				TARGET_NAME = LoggerKit;
			};
			name = Release;
		};
		OBJ_236 /* Debug */ = {
			isa = XCBuildConfiguration;
			buildSettings = {
				LD = /usr/bin/true;
				OTHER_SWIFT_FLAGS = "-swift-version 4.2 -I $(TOOLCHAIN_DIR)/usr/lib/swift/pm/4_2 -target x86_64-apple-macosx10.10 -sdk /Applications/Xcode10.2.app/Contents/Developer/Platforms/MacOSX.platform/Developer/SDKs/MacOSX10.14.sdk";
				SWIFT_VERSION = 4.2;
			};
			name = Debug;
		};
		OBJ_237 /* Release */ = {
			isa = XCBuildConfiguration;
			buildSettings = {
				LD = /usr/bin/true;
				OTHER_SWIFT_FLAGS = "-swift-version 4.2 -I $(TOOLCHAIN_DIR)/usr/lib/swift/pm/4_2 -target x86_64-apple-macosx10.10 -sdk /Applications/Xcode10.2.app/Contents/Developer/Platforms/MacOSX.platform/Developer/SDKs/MacOSX10.14.sdk";
				SWIFT_VERSION = 4.2;
			};
			name = Release;
		};
		OBJ_241 /* Debug */ = {
			isa = XCBuildConfiguration;
			baseConfigurationReference = OBJ_8 /* BookishModelMac.xcconfig */;
			buildSettings = {
				ENABLE_TESTABILITY = YES;
				FRAMEWORK_SEARCH_PATHS = (
					"$(inherited)",
					"$(PLATFORM_DIR)/Developer/Library/Frameworks",
				);
				HEADER_SEARCH_PATHS = "$(inherited)";
				INFOPLIST_FILE = Dependencies/BookishCoreMac.xcodeproj/LoggerTestSupport_Info.plist;
				LD_RUNPATH_SEARCH_PATHS = "$(inherited) $(TOOLCHAIN_DIR)/usr/lib/swift/macosx";
				OTHER_CFLAGS = "$(inherited)";
				OTHER_LDFLAGS = "$(inherited)";
				OTHER_SWIFT_FLAGS = "$(inherited)";
				PRODUCT_BUNDLE_IDENTIFIER = LoggerTestSupport;
				PRODUCT_MODULE_NAME = "$(TARGET_NAME:c99extidentifier)";
				PRODUCT_NAME = "$(TARGET_NAME:c99extidentifier)";
				SKIP_INSTALL = YES;
				SWIFT_ACTIVE_COMPILATION_CONDITIONS = "$(inherited)";
				SWIFT_VERSION = 4.2;
				TARGET_NAME = LoggerTestSupport;
			};
			name = Debug;
		};
		OBJ_242 /* Release */ = {
			isa = XCBuildConfiguration;
			baseConfigurationReference = OBJ_8 /* BookishModelMac.xcconfig */;
			buildSettings = {
				ENABLE_TESTABILITY = YES;
				FRAMEWORK_SEARCH_PATHS = (
					"$(inherited)",
					"$(PLATFORM_DIR)/Developer/Library/Frameworks",
				);
				HEADER_SEARCH_PATHS = "$(inherited)";
				INFOPLIST_FILE = Dependencies/BookishCoreMac.xcodeproj/LoggerTestSupport_Info.plist;
				LD_RUNPATH_SEARCH_PATHS = "$(inherited) $(TOOLCHAIN_DIR)/usr/lib/swift/macosx";
				OTHER_CFLAGS = "$(inherited)";
				OTHER_LDFLAGS = "$(inherited)";
				OTHER_SWIFT_FLAGS = "$(inherited)";
				PRODUCT_BUNDLE_IDENTIFIER = LoggerTestSupport;
				PRODUCT_MODULE_NAME = "$(TARGET_NAME:c99extidentifier)";
				PRODUCT_NAME = "$(TARGET_NAME:c99extidentifier)";
				SKIP_INSTALL = YES;
				SWIFT_ACTIVE_COMPILATION_CONDITIONS = "$(inherited)";
				SWIFT_VERSION = 4.2;
				TARGET_NAME = LoggerTestSupport;
			};
			name = Release;
		};
		OBJ_3 /* Debug */ = {
			isa = XCBuildConfiguration;
			buildSettings = {
				CLANG_ENABLE_OBJC_ARC = YES;
				COMBINE_HIDPI_IMAGES = YES;
				COPY_PHASE_STRIP = NO;
				DEBUG_INFORMATION_FORMAT = dwarf;
				DYLIB_INSTALL_NAME_BASE = "@rpath";
				ENABLE_NS_ASSERTIONS = YES;
				GCC_OPTIMIZATION_LEVEL = 0;
				GCC_PREPROCESSOR_DEFINITIONS = (
					"$(inherited)",
					"SWIFT_PACKAGE=1",
					"DEBUG=1",
				);
				MACOSX_DEPLOYMENT_TARGET = 10.10;
				ONLY_ACTIVE_ARCH = YES;
				OTHER_SWIFT_FLAGS = "-DXcode";
				PRODUCT_NAME = "$(TARGET_NAME)";
				SDKROOT = macosx;
				SUPPORTED_PLATFORMS = "macosx iphoneos iphonesimulator appletvos appletvsimulator watchos watchsimulator";
				SWIFT_ACTIVE_COMPILATION_CONDITIONS = "$(inherited) SWIFT_PACKAGE DEBUG";
				SWIFT_OPTIMIZATION_LEVEL = "-Onone";
				USE_HEADERMAP = NO;
			};
			name = Debug;
		};
		OBJ_4 /* Release */ = {
			isa = XCBuildConfiguration;
			buildSettings = {
				CLANG_ENABLE_OBJC_ARC = YES;
				COMBINE_HIDPI_IMAGES = YES;
				COPY_PHASE_STRIP = YES;
				DEBUG_INFORMATION_FORMAT = "dwarf-with-dsym";
				DYLIB_INSTALL_NAME_BASE = "@rpath";
				GCC_OPTIMIZATION_LEVEL = s;
				GCC_PREPROCESSOR_DEFINITIONS = (
					"$(inherited)",
					"SWIFT_PACKAGE=1",
				);
				MACOSX_DEPLOYMENT_TARGET = 10.10;
				OTHER_SWIFT_FLAGS = "-DXcode";
				PRODUCT_NAME = "$(TARGET_NAME)";
				SDKROOT = macosx;
				SUPPORTED_PLATFORMS = "macosx iphoneos iphonesimulator appletvos appletvsimulator watchos watchsimulator";
				SWIFT_ACTIVE_COMPILATION_CONDITIONS = "$(inherited) SWIFT_PACKAGE";
				SWIFT_OPTIMIZATION_LEVEL = "-Owholemodule";
				USE_HEADERMAP = NO;
			};
			name = Release;
		};
		OBJ_76 /* Debug */ = {
			isa = XCBuildConfiguration;
			baseConfigurationReference = OBJ_8 /* BookishModelMac.xcconfig */;
			buildSettings = {
				ENABLE_TESTABILITY = YES;
				FRAMEWORK_SEARCH_PATHS = (
					"$(inherited)",
					"$(PLATFORM_DIR)/Developer/Library/Frameworks",
				);
				HEADER_SEARCH_PATHS = "$(inherited)";
				INFOPLIST_FILE = Dependencies/BookishCoreMac.xcodeproj/Actions_Info.plist;
				LD_RUNPATH_SEARCH_PATHS = "$(inherited) $(TOOLCHAIN_DIR)/usr/lib/swift/macosx";
				OTHER_CFLAGS = "$(inherited)";
				OTHER_LDFLAGS = "$(inherited)";
				OTHER_SWIFT_FLAGS = "$(inherited)";
				PRODUCT_BUNDLE_IDENTIFIER = Actions;
				PRODUCT_MODULE_NAME = "$(TARGET_NAME:c99extidentifier)";
				PRODUCT_NAME = "$(TARGET_NAME:c99extidentifier)";
				SKIP_INSTALL = YES;
				SWIFT_ACTIVE_COMPILATION_CONDITIONS = "$(inherited)";
				SWIFT_VERSION = 4.2;
				TARGET_NAME = Actions;
			};
			name = Debug;
		};
		OBJ_77 /* Release */ = {
			isa = XCBuildConfiguration;
			baseConfigurationReference = OBJ_8 /* BookishModelMac.xcconfig */;
			buildSettings = {
				ENABLE_TESTABILITY = YES;
				FRAMEWORK_SEARCH_PATHS = (
					"$(inherited)",
					"$(PLATFORM_DIR)/Developer/Library/Frameworks",
				);
				HEADER_SEARCH_PATHS = "$(inherited)";
				INFOPLIST_FILE = Dependencies/BookishCoreMac.xcodeproj/Actions_Info.plist;
				LD_RUNPATH_SEARCH_PATHS = "$(inherited) $(TOOLCHAIN_DIR)/usr/lib/swift/macosx";
				OTHER_CFLAGS = "$(inherited)";
				OTHER_LDFLAGS = "$(inherited)";
				OTHER_SWIFT_FLAGS = "$(inherited)";
				PRODUCT_BUNDLE_IDENTIFIER = Actions;
				PRODUCT_MODULE_NAME = "$(TARGET_NAME:c99extidentifier)";
				PRODUCT_NAME = "$(TARGET_NAME:c99extidentifier)";
				SKIP_INSTALL = YES;
				SWIFT_ACTIVE_COMPILATION_CONDITIONS = "$(inherited)";
				SWIFT_VERSION = 4.2;
				TARGET_NAME = Actions;
			};
			name = Release;
		};
		OBJ_93 /* Debug */ = {
			isa = XCBuildConfiguration;
			baseConfigurationReference = OBJ_8 /* BookishModelMac.xcconfig */;
			buildSettings = {
				ENABLE_TESTABILITY = YES;
				FRAMEWORK_SEARCH_PATHS = (
					"$(inherited)",
					"$(PLATFORM_DIR)/Developer/Library/Frameworks",
				);
				HEADER_SEARCH_PATHS = "$(inherited)";
				INFOPLIST_FILE = Dependencies/BookishCoreMac.xcodeproj/ActionsKit_Info.plist;
				LD_RUNPATH_SEARCH_PATHS = "$(inherited) $(TOOLCHAIN_DIR)/usr/lib/swift/macosx";
				OTHER_CFLAGS = "$(inherited)";
				OTHER_LDFLAGS = "$(inherited)";
				OTHER_SWIFT_FLAGS = "$(inherited)";
				PRODUCT_BUNDLE_IDENTIFIER = ActionsKit;
				PRODUCT_MODULE_NAME = "$(TARGET_NAME:c99extidentifier)";
				PRODUCT_NAME = "$(TARGET_NAME:c99extidentifier)";
				SKIP_INSTALL = YES;
				SWIFT_ACTIVE_COMPILATION_CONDITIONS = "$(inherited)";
				SWIFT_VERSION = 4.2;
				TARGET_NAME = ActionsKit;
			};
			name = Debug;
		};
		OBJ_94 /* Release */ = {
			isa = XCBuildConfiguration;
			baseConfigurationReference = OBJ_8 /* BookishModelMac.xcconfig */;
			buildSettings = {
				ENABLE_TESTABILITY = YES;
				FRAMEWORK_SEARCH_PATHS = (
					"$(inherited)",
					"$(PLATFORM_DIR)/Developer/Library/Frameworks",
				);
				HEADER_SEARCH_PATHS = "$(inherited)";
				INFOPLIST_FILE = Dependencies/BookishCoreMac.xcodeproj/ActionsKit_Info.plist;
				LD_RUNPATH_SEARCH_PATHS = "$(inherited) $(TOOLCHAIN_DIR)/usr/lib/swift/macosx";
				OTHER_CFLAGS = "$(inherited)";
				OTHER_LDFLAGS = "$(inherited)";
				OTHER_SWIFT_FLAGS = "$(inherited)";
				PRODUCT_BUNDLE_IDENTIFIER = ActionsKit;
				PRODUCT_MODULE_NAME = "$(TARGET_NAME:c99extidentifier)";
				PRODUCT_NAME = "$(TARGET_NAME:c99extidentifier)";
				SKIP_INSTALL = YES;
				SWIFT_ACTIVE_COMPILATION_CONDITIONS = "$(inherited)";
				SWIFT_VERSION = 4.2;
				TARGET_NAME = ActionsKit;
			};
			name = Release;
		};
/* End XCBuildConfiguration section */

/* Begin XCConfigurationList section */
		OBJ_104 /* Build configuration list for PBXNativeTarget "ActionsPackageDescription" */ = {
			isa = XCConfigurationList;
			buildConfigurations = (
				OBJ_105 /* Debug */,
				OBJ_106 /* Release */,
			);
			defaultConfigurationIsVisible = 0;
			defaultConfigurationName = Release;
		};
		OBJ_110 /* Build configuration list for PBXNativeTarget "BookishCore" */ = {
			isa = XCConfigurationList;
			buildConfigurations = (
				OBJ_111 /* Debug */,
				OBJ_112 /* Release */,
			);
			defaultConfigurationIsVisible = 0;
			defaultConfigurationName = Release;
		};
		OBJ_131 /* Build configuration list for PBXNativeTarget "BookishCoreMac" */ = {
			isa = XCConfigurationList;
			buildConfigurations = (
				OBJ_132 /* Debug */,
				OBJ_133 /* Release */,
			);
			defaultConfigurationIsVisible = 0;
			defaultConfigurationName = Release;
		};
		OBJ_150 /* Build configuration list for PBXNativeTarget "BookishCoreMacPackageDescription" */ = {
			isa = XCConfigurationList;
			buildConfigurations = (
				OBJ_151 /* Debug */,
				OBJ_152 /* Release */,
			);
			defaultConfigurationIsVisible = 0;
			defaultConfigurationName = Release;
		};
		OBJ_156 /* Build configuration list for PBXAggregateTarget "BookishCoreMacPackageTests" */ = {
			isa = XCConfigurationList;
			buildConfigurations = (
				OBJ_157 /* Debug */,
				OBJ_158 /* Release */,
			);
			defaultConfigurationIsVisible = 0;
			defaultConfigurationName = Release;
		};
		OBJ_162 /* Build configuration list for PBXNativeTarget "BookishCoreMobile" */ = {
			isa = XCConfigurationList;
			buildConfigurations = (
				OBJ_163 /* Debug */,
				OBJ_164 /* Release */,
			);
			defaultConfigurationIsVisible = 0;
			defaultConfigurationName = Release;
		};
		OBJ_180 /* Build configuration list for PBXNativeTarget "BookishCoreTests" */ = {
			isa = XCConfigurationList;
			buildConfigurations = (
				OBJ_181 /* Debug */,
				OBJ_182 /* Release */,
			);
			defaultConfigurationIsVisible = 0;
			defaultConfigurationName = Release;
		};
		OBJ_2 /* Build configuration list for PBXProject "BookishCoreMac" */ = {
			isa = XCConfigurationList;
			buildConfigurations = (
				OBJ_3 /* Debug */,
				OBJ_4 /* Release */,
			);
			defaultConfigurationIsVisible = 0;
			defaultConfigurationName = Release;
		};
		OBJ_201 /* Build configuration list for PBXNativeTarget "JSONDump" */ = {
			isa = XCConfigurationList;
			buildConfigurations = (
				OBJ_202 /* Debug */,
				OBJ_203 /* Release */,
			);
			defaultConfigurationIsVisible = 0;
			defaultConfigurationName = Release;
		};
		OBJ_208 /* Build configuration list for PBXNativeTarget "JSONDumpPackageDescription" */ = {
			isa = XCConfigurationList;
			buildConfigurations = (
				OBJ_209 /* Debug */,
				OBJ_210 /* Release */,
			);
			defaultConfigurationIsVisible = 0;
			defaultConfigurationName = Release;
		};
		OBJ_213 /* Build configuration list for PBXNativeTarget "Logger" */ = {
			isa = XCConfigurationList;
			buildConfigurations = (
				OBJ_214 /* Debug */,
				OBJ_215 /* Release */,
			);
			defaultConfigurationIsVisible = 0;
			defaultConfigurationName = Release;
		};
		OBJ_225 /* Build configuration list for PBXNativeTarget "LoggerKit" */ = {
			isa = XCConfigurationList;
			buildConfigurations = (
				OBJ_226 /* Debug */,
				OBJ_227 /* Release */,
			);
			defaultConfigurationIsVisible = 0;
			defaultConfigurationName = Release;
		};
		OBJ_235 /* Build configuration list for PBXNativeTarget "LoggerPackageDescription" */ = {
			isa = XCConfigurationList;
			buildConfigurations = (
				OBJ_236 /* Debug */,
				OBJ_237 /* Release */,
			);
			defaultConfigurationIsVisible = 0;
			defaultConfigurationName = Release;
		};
		OBJ_240 /* Build configuration list for PBXNativeTarget "LoggerTestSupport" */ = {
			isa = XCConfigurationList;
			buildConfigurations = (
				OBJ_241 /* Debug */,
				OBJ_242 /* Release */,
			);
			defaultConfigurationIsVisible = 0;
			defaultConfigurationName = Release;
		};
		OBJ_75 /* Build configuration list for PBXNativeTarget "Actions" */ = {
			isa = XCConfigurationList;
			buildConfigurations = (
				OBJ_76 /* Debug */,
				OBJ_77 /* Release */,
			);
			defaultConfigurationIsVisible = 0;
			defaultConfigurationName = Release;
		};
		OBJ_92 /* Build configuration list for PBXNativeTarget "ActionsKit" */ = {
			isa = XCConfigurationList;
			buildConfigurations = (
				OBJ_93 /* Debug */,
				OBJ_94 /* Release */,
			);
			defaultConfigurationIsVisible = 0;
			defaultConfigurationName = Release;
		};
/* End XCConfigurationList section */
	};
	rootObject = OBJ_1 /* Project object */;
}
